// !$*UTF8*$!
{
	archiveVersion = 1;
	classes = {
	};
	objectVersion = 46;
	objects = {

/* Begin PBXBuildFile section */
		A103338A18D419A300050A61 /* Captain.storyboard in Resources */ = {isa = PBXBuildFile; fileRef = A103338918D419A300050A61 /* Captain.storyboard */; };
		A103339318D6B49900050A61 /* Login.m in Sources */ = {isa = PBXBuildFile; fileRef = A103339218D6B49900050A61 /* Login.m */; };
		A114302518F2545100A39F13 /* Captain_TeamProfile.m in Sources */ = {isa = PBXBuildFile; fileRef = A114302418F2545100A39F13 /* Captain_TeamProfile.m */; };
		A11F052518E68EE900109870 /* UITextField_WithoutContextMenu.m in Sources */ = {isa = PBXBuildFile; fileRef = A11F052418E68EE900109870 /* UITextField_WithoutContextMenu.m */; };
		A11F052718E68FBE00109870 /* ActivityRegion.plist in Resources */ = {isa = PBXBuildFile; fileRef = A11F052618E68FBE00109870 /* ActivityRegion.plist */; };
		A1370A591904D7CC00E64949 /* leftIcon_createMatch_cost.png in Resources */ = {isa = PBXBuildFile; fileRef = A1370A541904D7CC00E64949 /* leftIcon_createMatch_cost.png */; };
		A1370A5A1904D7CC00E64949 /* leftIcon_createMatch_numOfPlayers.png in Resources */ = {isa = PBXBuildFile; fileRef = A1370A551904D7CC00E64949 /* leftIcon_createMatch_numOfPlayers.png */; };
		A1370A5B1904D7CC00E64949 /* leftIcon_createMatch_opponent.png in Resources */ = {isa = PBXBuildFile; fileRef = A1370A561904D7CC00E64949 /* leftIcon_createMatch_opponent.png */; };
		A1370A5C1904D7CC00E64949 /* leftIcon_createMatch_place.png in Resources */ = {isa = PBXBuildFile; fileRef = A1370A571904D7CC00E64949 /* leftIcon_createMatch_place.png */; };
		A1370A5D1904D7CC00E64949 /* leftIcon_createMatch_time.png in Resources */ = {isa = PBXBuildFile; fileRef = A1370A581904D7CC00E64949 /* leftIcon_createMatch_time.png */; };
		A145670318F0BDDB006E158E /* Captain_NewPlayer_ApplicantCell.m in Sources */ = {isa = PBXBuildFile; fileRef = A145670218F0BDDB006E158E /* Captain_NewPlayer_ApplicantCell.m */; };
		A145670918F1064E006E158E /* Captain_NewPlayer_InviteeCell.m in Sources */ = {isa = PBXBuildFile; fileRef = A145670818F1064E006E158E /* Captain_NewPlayer_InviteeCell.m */; };
		A153ACBB19023ECF0062EB44 /* HintTextView.m in Sources */ = {isa = PBXBuildFile; fileRef = A153ACBA19023ECF0062EB44 /* HintTextView.m */; };
		A153ACBD19023F640062EB44 /* Hint_List.plist in Resources */ = {isa = PBXBuildFile; fileRef = A153ACBC19023F640062EB44 /* Hint_List.plist */; };
		A153ACBF190244880062EB44 /* tint_background_arrow.png in Resources */ = {isa = PBXBuildFile; fileRef = A153ACBE190244880062EB44 /* tint_background_arrow.png */; };
		A153ACC2190248F80062EB44 /* Captain_CreateMatch.m in Sources */ = {isa = PBXBuildFile; fileRef = A153ACC1190248F80062EB44 /* Captain_CreateMatch.m */; };
		A173033C18FB5A0400702015 /* WebUtils.m in Sources */ = {isa = PBXBuildFile; fileRef = A173033B18FB5A0400702015 /* WebUtils.m */; };
		A18D7F7A1903912D003028FE /* Captain_RootNavigationController.m in Sources */ = {isa = PBXBuildFile; fileRef = A18D7F791903912D003028FE /* Captain_RootNavigationController.m */; };
		A18D7F831904A0F6003028FE /* icon_fillMatchData.png in Resources */ = {isa = PBXBuildFile; fileRef = A18D7F811904A0F6003028FE /* icon_fillMatchData.png */; };
		A18D7F841904A0F6003028FE /* icon_noticePlayers.png in Resources */ = {isa = PBXBuildFile; fileRef = A18D7F821904A0F6003028FE /* icon_noticePlayers.png */; };
		A18E469618EE678500784A48 /* Captain_NewPlayer.m in Sources */ = {isa = PBXBuildFile; fileRef = A18E469518EE678500784A48 /* Captain_NewPlayer.m */; };
		A19F8D141900E61E00AC8459 /* soccer_title_bar_bg.png in Resources */ = {isa = PBXBuildFile; fileRef = A19F8D121900E61E00AC8459 /* soccer_title_bar_bg.png */; };
		A19F8D151900E61E00AC8459 /* soccer_title_bar_bg@2x.png in Resources */ = {isa = PBXBuildFile; fileRef = A19F8D131900E61E00AC8459 /* soccer_title_bar_bg@2x.png */; };
		A1B0DA1D18EA785C00671383 /* Captain_MatchArrangement.m in Sources */ = {isa = PBXBuildFile; fileRef = A1B0DA1C18EA785C00671383 /* Captain_MatchArrangement.m */; };
		A1C2802D18F79CED004C644E /* login_logo.png in Resources */ = {isa = PBXBuildFile; fileRef = A1C2802418F79CED004C644E /* login_logo.png */; };
		A1C2802E18F79CED004C644E /* login_textfield_title_pwd.png in Resources */ = {isa = PBXBuildFile; fileRef = A1C2802518F79CED004C644E /* login_textfield_title_pwd.png */; };
		A1C2802F18F79CED004C644E /* login_textfield_title_user.png in Resources */ = {isa = PBXBuildFile; fileRef = A1C2802618F79CED004C644E /* login_textfield_title_user.png */; };
		A1C2803018F79CED004C644E /* register_area.png in Resources */ = {isa = PBXBuildFile; fileRef = A1C2802718F79CED004C644E /* register_area.png */; };
		A1C2803118F79CED004C644E /* register_birthday.png in Resources */ = {isa = PBXBuildFile; fileRef = A1C2802818F79CED004C644E /* register_birthday.png */; };
		A1C2803218F79CED004C644E /* register_phone.png in Resources */ = {isa = PBXBuildFile; fileRef = A1C2802918F79CED004C644E /* register_phone.png */; };
		A1C2803318F79CED004C644E /* register_qq.png in Resources */ = {isa = PBXBuildFile; fileRef = A1C2802A18F79CED004C644E /* register_qq.png */; };
		A1C2803418F79CED004C644E /* soccer_grass_bg.png in Resources */ = {isa = PBXBuildFile; fileRef = A1C2802B18F79CED004C644E /* soccer_grass_bg.png */; };
		A1C2803518F79CED004C644E /* soccer_grass_bg@2x.png in Resources */ = {isa = PBXBuildFile; fileRef = A1C2802C18F79CED004C644E /* soccer_grass_bg@2x.png */; };
		A1C41F3319062943001A2EFD /* Captain_CreateMatch_EnterOpponent.m in Sources */ = {isa = PBXBuildFile; fileRef = A1C41F3219062943001A2EFD /* Captain_CreateMatch_EnterOpponent.m */; };
		A1C8F9DF18DAA12600BE42D4 /* Captain_MenuList.plist in Resources */ = {isa = PBXBuildFile; fileRef = A1C8F9DE18DAA12600BE42D4 /* Captain_MenuList.plist */; };
		A1C8F9E218DAAA3500BE42D4 /* Captain_MainMenu.m in Sources */ = {isa = PBXBuildFile; fileRef = A1C8F9E118DAAA3400BE42D4 /* Captain_MainMenu.m */; };
		A1C8F9E918DE895C00BE42D4 /* Register_Captain.m in Sources */ = {isa = PBXBuildFile; fileRef = A1C8F9E818DE895C00BE42D4 /* Register_Captain.m */; };
		A1C8F9EC18DE90B400BE42D4 /* Login_Content.m in Sources */ = {isa = PBXBuildFile; fileRef = A1C8F9EB18DE90B400BE42D4 /* Login_Content.m */; };
		A1C8FA3C18DFB17300BE42D4 /* Register_Captain_Advance.m in Sources */ = {isa = PBXBuildFile; fileRef = A1C8FA3B18DFB17300BE42D4 /* Register_Captain_Advance.m */; };
		A1C8FA4918DFEADD00BE42D4 /* Register_Player.m in Sources */ = {isa = PBXBuildFile; fileRef = A1C8FA4818DFEADD00BE42D4 /* Register_Player.m */; };
		A1C8FA4C18DFEAFE00BE42D4 /* Register_Player_Advance.m in Sources */ = {isa = PBXBuildFile; fileRef = A1C8FA4B18DFEAFE00BE42D4 /* Register_Player_Advance.m */; };
		A1D07BD218CC1E4800FA3A8D /* Foundation.framework in Frameworks */ = {isa = PBXBuildFile; fileRef = A1D07BD118CC1E4800FA3A8D /* Foundation.framework */; };
		A1D07BD418CC1E4800FA3A8D /* CoreGraphics.framework in Frameworks */ = {isa = PBXBuildFile; fileRef = A1D07BD318CC1E4800FA3A8D /* CoreGraphics.framework */; };
		A1D07BD618CC1E4800FA3A8D /* UIKit.framework in Frameworks */ = {isa = PBXBuildFile; fileRef = A1D07BD518CC1E4800FA3A8D /* UIKit.framework */; };
		A1D07BDC18CC1E4800FA3A8D /* InfoPlist.strings in Resources */ = {isa = PBXBuildFile; fileRef = A1D07BDA18CC1E4800FA3A8D /* InfoPlist.strings */; };
		A1D07BDE18CC1E4800FA3A8D /* main.m in Sources */ = {isa = PBXBuildFile; fileRef = A1D07BDD18CC1E4800FA3A8D /* main.m */; };
		A1D07BE218CC1E4800FA3A8D /* AppDelegate.m in Sources */ = {isa = PBXBuildFile; fileRef = A1D07BE118CC1E4800FA3A8D /* AppDelegate.m */; };
		A1D07BEA18CC1E4800FA3A8D /* Images.xcassets in Resources */ = {isa = PBXBuildFile; fileRef = A1D07BE918CC1E4800FA3A8D /* Images.xcassets */; };
		A1D07BF118CC1E4900FA3A8D /* XCTest.framework in Frameworks */ = {isa = PBXBuildFile; fileRef = A1D07BF018CC1E4900FA3A8D /* XCTest.framework */; };
		A1D07BF218CC1E4900FA3A8D /* Foundation.framework in Frameworks */ = {isa = PBXBuildFile; fileRef = A1D07BD118CC1E4800FA3A8D /* Foundation.framework */; };
		A1D07BF318CC1E4900FA3A8D /* UIKit.framework in Frameworks */ = {isa = PBXBuildFile; fileRef = A1D07BD518CC1E4800FA3A8D /* UIKit.framework */; };
		A1D07BFB18CC1E4900FA3A8D /* InfoPlist.strings in Resources */ = {isa = PBXBuildFile; fileRef = A1D07BF918CC1E4900FA3A8D /* InfoPlist.strings */; };
		A1D07BFD18CC1E4900FA3A8D /* FootballTests.m in Sources */ = {isa = PBXBuildFile; fileRef = A1D07BFC18CC1E4900FA3A8D /* FootballTests.m */; };
		A1D07C0718CD14B700FA3A8D /* Login.storyboard in Resources */ = {isa = PBXBuildFile; fileRef = A1D07C0618CD14B700FA3A8D /* Login.storyboard */; };
		A1D07C0E18CD177F00FA3A8D /* Setting.plist in Resources */ = {isa = PBXBuildFile; fileRef = A1D07C0D18CD177F00FA3A8D /* Setting.plist */; };
		B276E0ED18EF638700DEB116 /* Captain_NewPlayerList.m in Sources */ = {isa = PBXBuildFile; fileRef = B276E0EC18EF638700DEB116 /* Captain_NewPlayerList.m */; };
		B2D096EF18EE01D4005221F2 /* CallFriendsMenu.plist in Resources */ = {isa = PBXBuildFile; fileRef = B2D096EE18EE01D4005221F2 /* CallFriendsMenu.plist */; };
		B2D6981618ECC3F700603B87 /* Captain_MyPlayers.m in Sources */ = {isa = PBXBuildFile; fileRef = B2D6981518ECC3F700603B87 /* Captain_MyPlayers.m */; };
/* End PBXBuildFile section */

/* Begin PBXContainerItemProxy section */
		A1D07BF418CC1E4900FA3A8D /* PBXContainerItemProxy */ = {
			isa = PBXContainerItemProxy;
			containerPortal = A1D07BC618CC1E4800FA3A8D /* Project object */;
			proxyType = 1;
			remoteGlobalIDString = A1D07BCD18CC1E4800FA3A8D;
			remoteInfo = Football;
		};
/* End PBXContainerItemProxy section */

/* Begin PBXFileReference section */
		A103338918D419A300050A61 /* Captain.storyboard */ = {isa = PBXFileReference; fileEncoding = 4; lastKnownFileType = file.storyboard; name = Captain.storyboard; path = Captain/Captain.storyboard; sourceTree = "<group>"; };
		A103339118D6B49900050A61 /* Login.h */ = {isa = PBXFileReference; fileEncoding = 4; lastKnownFileType = sourcecode.c.h; name = Login.h; path = Login/Login.h; sourceTree = "<group>"; };
		A103339218D6B49900050A61 /* Login.m */ = {isa = PBXFileReference; fileEncoding = 4; lastKnownFileType = sourcecode.c.objc; name = Login.m; path = Login/Login.m; sourceTree = "<group>"; };
		A114302318F2545100A39F13 /* Captain_TeamProfile.h */ = {isa = PBXFileReference; fileEncoding = 4; lastKnownFileType = sourcecode.c.h; name = Captain_TeamProfile.h; path = Captain/MyTeam/Captain_TeamProfile.h; sourceTree = "<group>"; };
		A114302418F2545100A39F13 /* Captain_TeamProfile.m */ = {isa = PBXFileReference; fileEncoding = 4; lastKnownFileType = sourcecode.c.objc; name = Captain_TeamProfile.m; path = Captain/MyTeam/Captain_TeamProfile.m; sourceTree = "<group>"; };
		A11F052318E68EE900109870 /* UITextField_WithoutContextMenu.h */ = {isa = PBXFileReference; fileEncoding = 4; lastKnownFileType = sourcecode.c.h; name = UITextField_WithoutContextMenu.h; path = Login/Register/UITextField_WithoutContextMenu.h; sourceTree = "<group>"; };
		A11F052418E68EE900109870 /* UITextField_WithoutContextMenu.m */ = {isa = PBXFileReference; fileEncoding = 4; lastKnownFileType = sourcecode.c.objc; name = UITextField_WithoutContextMenu.m; path = Login/Register/UITextField_WithoutContextMenu.m; sourceTree = "<group>"; };
		A11F052618E68FBE00109870 /* ActivityRegion.plist */ = {isa = PBXFileReference; fileEncoding = 4; lastKnownFileType = text.plist.xml; name = ActivityRegion.plist; path = Login/Register/ActivityRegion.plist; sourceTree = "<group>"; };
		A1370A541904D7CC00E64949 /* leftIcon_createMatch_cost.png */ = {isa = PBXFileReference; lastKnownFileType = image.png; name = leftIcon_createMatch_cost.png; path = Resource/leftIcon_createMatch_cost.png; sourceTree = "<group>"; };
		A1370A551904D7CC00E64949 /* leftIcon_createMatch_numOfPlayers.png */ = {isa = PBXFileReference; lastKnownFileType = image.png; name = leftIcon_createMatch_numOfPlayers.png; path = Resource/leftIcon_createMatch_numOfPlayers.png; sourceTree = "<group>"; };
		A1370A561904D7CC00E64949 /* leftIcon_createMatch_opponent.png */ = {isa = PBXFileReference; lastKnownFileType = image.png; name = leftIcon_createMatch_opponent.png; path = Resource/leftIcon_createMatch_opponent.png; sourceTree = "<group>"; };
		A1370A571904D7CC00E64949 /* leftIcon_createMatch_place.png */ = {isa = PBXFileReference; lastKnownFileType = image.png; name = leftIcon_createMatch_place.png; path = Resource/leftIcon_createMatch_place.png; sourceTree = "<group>"; };
		A1370A581904D7CC00E64949 /* leftIcon_createMatch_time.png */ = {isa = PBXFileReference; lastKnownFileType = image.png; name = leftIcon_createMatch_time.png; path = Resource/leftIcon_createMatch_time.png; sourceTree = "<group>"; };
		A145670118F0BDDB006E158E /* Captain_NewPlayer_ApplicantCell.h */ = {isa = PBXFileReference; fileEncoding = 4; lastKnownFileType = sourcecode.c.h; name = Captain_NewPlayer_ApplicantCell.h; path = Captain/MyTeam/Captain_NewPlayer_ApplicantCell.h; sourceTree = "<group>"; };
		A145670218F0BDDB006E158E /* Captain_NewPlayer_ApplicantCell.m */ = {isa = PBXFileReference; fileEncoding = 4; lastKnownFileType = sourcecode.c.objc; name = Captain_NewPlayer_ApplicantCell.m; path = Captain/MyTeam/Captain_NewPlayer_ApplicantCell.m; sourceTree = "<group>"; };
		A145670718F1064E006E158E /* Captain_NewPlayer_InviteeCell.h */ = {isa = PBXFileReference; fileEncoding = 4; lastKnownFileType = sourcecode.c.h; name = Captain_NewPlayer_InviteeCell.h; path = Captain/MyTeam/Captain_NewPlayer_InviteeCell.h; sourceTree = "<group>"; };
		A145670818F1064E006E158E /* Captain_NewPlayer_InviteeCell.m */ = {isa = PBXFileReference; fileEncoding = 4; lastKnownFileType = sourcecode.c.objc; name = Captain_NewPlayer_InviteeCell.m; path = Captain/MyTeam/Captain_NewPlayer_InviteeCell.m; sourceTree = "<group>"; };
		A153ACB919023ECF0062EB44 /* HintTextView.h */ = {isa = PBXFileReference; fileEncoding = 4; lastKnownFileType = sourcecode.c.h; name = HintTextView.h; path = Captain/MyMatches/HintTextView.h; sourceTree = "<group>"; };
		A153ACBA19023ECF0062EB44 /* HintTextView.m */ = {isa = PBXFileReference; fileEncoding = 4; lastKnownFileType = sourcecode.c.objc; name = HintTextView.m; path = Captain/MyMatches/HintTextView.m; sourceTree = "<group>"; };
		A153ACBC19023F640062EB44 /* Hint_List.plist */ = {isa = PBXFileReference; fileEncoding = 4; lastKnownFileType = text.plist.xml; name = Hint_List.plist; path = Captain/MyMatches/Hint_List.plist; sourceTree = "<group>"; };
		A153ACBE190244880062EB44 /* tint_background_arrow.png */ = {isa = PBXFileReference; lastKnownFileType = image.png; name = tint_background_arrow.png; path = Resource/tint_background_arrow.png; sourceTree = "<group>"; };
		A153ACC0190248F80062EB44 /* Captain_CreateMatch.h */ = {isa = PBXFileReference; fileEncoding = 4; lastKnownFileType = sourcecode.c.h; name = Captain_CreateMatch.h; path = Captain/MyMatches/Captain_CreateMatch.h; sourceTree = "<group>"; };
		A153ACC1190248F80062EB44 /* Captain_CreateMatch.m */ = {isa = PBXFileReference; fileEncoding = 4; lastKnownFileType = sourcecode.c.objc; name = Captain_CreateMatch.m; path = Captain/MyMatches/Captain_CreateMatch.m; sourceTree = "<group>"; };
		A173033A18FB5A0400702015 /* WebUtils.h */ = {isa = PBXFileReference; fileEncoding = 4; lastKnownFileType = sourcecode.c.h; name = WebUtils.h; path = Football/Utils/WebUtils.h; sourceTree = "<group>"; };
		A173033B18FB5A0400702015 /* WebUtils.m */ = {isa = PBXFileReference; fileEncoding = 4; lastKnownFileType = sourcecode.c.objc; name = WebUtils.m; path = Football/Utils/WebUtils.m; sourceTree = "<group>"; };
		A178CED718FE343A007A3CA6 /* Pre_Define.h */ = {isa = PBXFileReference; lastKnownFileType = sourcecode.c.h; name = Pre_Define.h; path = Pre_Define/Pre_Define.h; sourceTree = "<group>"; };
		A18D7F781903912D003028FE /* Captain_RootNavigationController.h */ = {isa = PBXFileReference; fileEncoding = 4; lastKnownFileType = sourcecode.c.h; name = Captain_RootNavigationController.h; path = Captain/Captain_RootNavigationController.h; sourceTree = "<group>"; };
		A18D7F791903912D003028FE /* Captain_RootNavigationController.m */ = {isa = PBXFileReference; fileEncoding = 4; lastKnownFileType = sourcecode.c.objc; name = Captain_RootNavigationController.m; path = Captain/Captain_RootNavigationController.m; sourceTree = "<group>"; };
		A18D7F811904A0F6003028FE /* icon_fillMatchData.png */ = {isa = PBXFileReference; lastKnownFileType = image.png; name = icon_fillMatchData.png; path = Resource/icon_fillMatchData.png; sourceTree = "<group>"; };
		A18D7F821904A0F6003028FE /* icon_noticePlayers.png */ = {isa = PBXFileReference; lastKnownFileType = image.png; name = icon_noticePlayers.png; path = Resource/icon_noticePlayers.png; sourceTree = "<group>"; };
		A18E469418EE678500784A48 /* Captain_NewPlayer.h */ = {isa = PBXFileReference; fileEncoding = 4; lastKnownFileType = sourcecode.c.h; name = Captain_NewPlayer.h; path = Captain/MyTeam/Captain_NewPlayer.h; sourceTree = "<group>"; };
		A18E469518EE678500784A48 /* Captain_NewPlayer.m */ = {isa = PBXFileReference; fileEncoding = 4; lastKnownFileType = sourcecode.c.objc; name = Captain_NewPlayer.m; path = Captain/MyTeam/Captain_NewPlayer.m; sourceTree = "<group>"; };
		A19F8D121900E61E00AC8459 /* soccer_title_bar_bg.png */ = {isa = PBXFileReference; lastKnownFileType = image.png; name = soccer_title_bar_bg.png; path = Resource/soccer_title_bar_bg.png; sourceTree = "<group>"; };
		A19F8D131900E61E00AC8459 /* soccer_title_bar_bg@2x.png */ = {isa = PBXFileReference; lastKnownFileType = image.png; name = "soccer_title_bar_bg@2x.png"; path = "Resource/soccer_title_bar_bg@2x.png"; sourceTree = "<group>"; };
		A1B0DA1B18EA785C00671383 /* Captain_MatchArrangement.h */ = {isa = PBXFileReference; fileEncoding = 4; lastKnownFileType = sourcecode.c.h; name = Captain_MatchArrangement.h; path = Captain/MyMatches/Captain_MatchArrangement.h; sourceTree = "<group>"; };
		A1B0DA1C18EA785C00671383 /* Captain_MatchArrangement.m */ = {isa = PBXFileReference; fileEncoding = 4; lastKnownFileType = sourcecode.c.objc; name = Captain_MatchArrangement.m; path = Captain/MyMatches/Captain_MatchArrangement.m; sourceTree = "<group>"; };
		A1C2802418F79CED004C644E /* login_logo.png */ = {isa = PBXFileReference; lastKnownFileType = image.png; name = login_logo.png; path = Resource/login_logo.png; sourceTree = "<group>"; };
		A1C2802518F79CED004C644E /* login_textfield_title_pwd.png */ = {isa = PBXFileReference; lastKnownFileType = image.png; name = login_textfield_title_pwd.png; path = Resource/login_textfield_title_pwd.png; sourceTree = "<group>"; };
		A1C2802618F79CED004C644E /* login_textfield_title_user.png */ = {isa = PBXFileReference; lastKnownFileType = image.png; name = login_textfield_title_user.png; path = Resource/login_textfield_title_user.png; sourceTree = "<group>"; };
		A1C2802718F79CED004C644E /* register_area.png */ = {isa = PBXFileReference; lastKnownFileType = image.png; name = register_area.png; path = Resource/register_area.png; sourceTree = "<group>"; };
		A1C2802818F79CED004C644E /* register_birthday.png */ = {isa = PBXFileReference; lastKnownFileType = image.png; name = register_birthday.png; path = Resource/register_birthday.png; sourceTree = "<group>"; };
		A1C2802918F79CED004C644E /* register_phone.png */ = {isa = PBXFileReference; lastKnownFileType = image.png; name = register_phone.png; path = Resource/register_phone.png; sourceTree = "<group>"; };
		A1C2802A18F79CED004C644E /* register_qq.png */ = {isa = PBXFileReference; lastKnownFileType = image.png; name = register_qq.png; path = Resource/register_qq.png; sourceTree = "<group>"; };
		A1C2802B18F79CED004C644E /* soccer_grass_bg.png */ = {isa = PBXFileReference; lastKnownFileType = image.png; name = soccer_grass_bg.png; path = Resource/soccer_grass_bg.png; sourceTree = "<group>"; };
		A1C2802C18F79CED004C644E /* soccer_grass_bg@2x.png */ = {isa = PBXFileReference; lastKnownFileType = image.png; name = "soccer_grass_bg@2x.png"; path = "Resource/soccer_grass_bg@2x.png"; sourceTree = "<group>"; };
		A1C41F3119062943001A2EFD /* Captain_CreateMatch_EnterOpponent.h */ = {isa = PBXFileReference; fileEncoding = 4; lastKnownFileType = sourcecode.c.h; name = Captain_CreateMatch_EnterOpponent.h; path = Captain/MyMatches/Captain_CreateMatch_EnterOpponent.h; sourceTree = "<group>"; };
		A1C41F3219062943001A2EFD /* Captain_CreateMatch_EnterOpponent.m */ = {isa = PBXFileReference; fileEncoding = 4; lastKnownFileType = sourcecode.c.objc; name = Captain_CreateMatch_EnterOpponent.m; path = Captain/MyMatches/Captain_CreateMatch_EnterOpponent.m; sourceTree = "<group>"; };
		A1C8F9DE18DAA12600BE42D4 /* Captain_MenuList.plist */ = {isa = PBXFileReference; fileEncoding = 4; lastKnownFileType = text.plist.xml; name = Captain_MenuList.plist; path = Captain/Captain_MenuList.plist; sourceTree = "<group>"; };
		A1C8F9E018DAAA3400BE42D4 /* Captain_MainMenu.h */ = {isa = PBXFileReference; fileEncoding = 4; lastKnownFileType = sourcecode.c.h; name = Captain_MainMenu.h; path = Captain/Captain_MainMenu.h; sourceTree = "<group>"; };
		A1C8F9E118DAAA3400BE42D4 /* Captain_MainMenu.m */ = {isa = PBXFileReference; fileEncoding = 4; lastKnownFileType = sourcecode.c.objc; name = Captain_MainMenu.m; path = Captain/Captain_MainMenu.m; sourceTree = "<group>"; };
		A1C8F9E718DE895C00BE42D4 /* Register_Captain.h */ = {isa = PBXFileReference; fileEncoding = 4; lastKnownFileType = sourcecode.c.h; name = Register_Captain.h; path = Login/Register/Captain/Register_Captain.h; sourceTree = "<group>"; };
		A1C8F9E818DE895C00BE42D4 /* Register_Captain.m */ = {isa = PBXFileReference; fileEncoding = 4; lastKnownFileType = sourcecode.c.objc; name = Register_Captain.m; path = Login/Register/Captain/Register_Captain.m; sourceTree = "<group>"; };
		A1C8F9EA18DE90B400BE42D4 /* Login_Content.h */ = {isa = PBXFileReference; fileEncoding = 4; lastKnownFileType = sourcecode.c.h; name = Login_Content.h; path = Login/Login_Content.h; sourceTree = "<group>"; };
		A1C8F9EB18DE90B400BE42D4 /* Login_Content.m */ = {isa = PBXFileReference; fileEncoding = 4; lastKnownFileType = sourcecode.c.objc; name = Login_Content.m; path = Login/Login_Content.m; sourceTree = "<group>"; };
		A1C8FA3A18DFB17300BE42D4 /* Register_Captain_Advance.h */ = {isa = PBXFileReference; fileEncoding = 4; lastKnownFileType = sourcecode.c.h; name = Register_Captain_Advance.h; path = Login/Register/Captain/Register_Captain_Advance.h; sourceTree = "<group>"; };
		A1C8FA3B18DFB17300BE42D4 /* Register_Captain_Advance.m */ = {isa = PBXFileReference; fileEncoding = 4; lastKnownFileType = sourcecode.c.objc; name = Register_Captain_Advance.m; path = Login/Register/Captain/Register_Captain_Advance.m; sourceTree = "<group>"; };
		A1C8FA4118DFB8D700BE42D4 /* LoginAndRegisterView.h */ = {isa = PBXFileReference; lastKnownFileType = sourcecode.c.h; name = LoginAndRegisterView.h; path = Login/LoginAndRegisterView.h; sourceTree = "<group>"; };
		A1C8FA4718DFEADD00BE42D4 /* Register_Player.h */ = {isa = PBXFileReference; fileEncoding = 4; lastKnownFileType = sourcecode.c.h; name = Register_Player.h; path = Login/Register/Player/Register_Player.h; sourceTree = "<group>"; };
		A1C8FA4818DFEADD00BE42D4 /* Register_Player.m */ = {isa = PBXFileReference; fileEncoding = 4; lastKnownFileType = sourcecode.c.objc; name = Register_Player.m; path = Login/Register/Player/Register_Player.m; sourceTree = "<group>"; };
		A1C8FA4A18DFEAFE00BE42D4 /* Register_Player_Advance.h */ = {isa = PBXFileReference; fileEncoding = 4; lastKnownFileType = sourcecode.c.h; name = Register_Player_Advance.h; path = Login/Register/Player/Register_Player_Advance.h; sourceTree = "<group>"; };
		A1C8FA4B18DFEAFE00BE42D4 /* Register_Player_Advance.m */ = {isa = PBXFileReference; fileEncoding = 4; lastKnownFileType = sourcecode.c.objc; name = Register_Player_Advance.m; path = Login/Register/Player/Register_Player_Advance.m; sourceTree = "<group>"; };
		A1D07BCE18CC1E4800FA3A8D /* Football.app */ = {isa = PBXFileReference; explicitFileType = wrapper.application; includeInIndex = 0; path = Football.app; sourceTree = BUILT_PRODUCTS_DIR; };
		A1D07BD118CC1E4800FA3A8D /* Foundation.framework */ = {isa = PBXFileReference; lastKnownFileType = wrapper.framework; name = Foundation.framework; path = System/Library/Frameworks/Foundation.framework; sourceTree = SDKROOT; };
		A1D07BD318CC1E4800FA3A8D /* CoreGraphics.framework */ = {isa = PBXFileReference; lastKnownFileType = wrapper.framework; name = CoreGraphics.framework; path = System/Library/Frameworks/CoreGraphics.framework; sourceTree = SDKROOT; };
		A1D07BD518CC1E4800FA3A8D /* UIKit.framework */ = {isa = PBXFileReference; lastKnownFileType = wrapper.framework; name = UIKit.framework; path = System/Library/Frameworks/UIKit.framework; sourceTree = SDKROOT; };
		A1D07BD918CC1E4800FA3A8D /* Football-Info.plist */ = {isa = PBXFileReference; lastKnownFileType = text.plist.xml; path = "Football-Info.plist"; sourceTree = "<group>"; };
		A1D07BDB18CC1E4800FA3A8D /* en */ = {isa = PBXFileReference; lastKnownFileType = text.plist.strings; name = en; path = en.lproj/InfoPlist.strings; sourceTree = "<group>"; };
		A1D07BDD18CC1E4800FA3A8D /* main.m */ = {isa = PBXFileReference; lastKnownFileType = sourcecode.c.objc; path = main.m; sourceTree = "<group>"; };
		A1D07BDF18CC1E4800FA3A8D /* Football-Prefix.pch */ = {isa = PBXFileReference; lastKnownFileType = sourcecode.c.h; path = "Football-Prefix.pch"; sourceTree = "<group>"; };
		A1D07BE018CC1E4800FA3A8D /* AppDelegate.h */ = {isa = PBXFileReference; lastKnownFileType = sourcecode.c.h; path = AppDelegate.h; sourceTree = "<group>"; };
		A1D07BE118CC1E4800FA3A8D /* AppDelegate.m */ = {isa = PBXFileReference; lastKnownFileType = sourcecode.c.objc; path = AppDelegate.m; sourceTree = "<group>"; };
		A1D07BE918CC1E4800FA3A8D /* Images.xcassets */ = {isa = PBXFileReference; lastKnownFileType = folder.assetcatalog; path = Images.xcassets; sourceTree = "<group>"; };
		A1D07BEF18CC1E4900FA3A8D /* FootballTests.xctest */ = {isa = PBXFileReference; explicitFileType = wrapper.cfbundle; includeInIndex = 0; path = FootballTests.xctest; sourceTree = BUILT_PRODUCTS_DIR; };
		A1D07BF018CC1E4900FA3A8D /* XCTest.framework */ = {isa = PBXFileReference; lastKnownFileType = wrapper.framework; name = XCTest.framework; path = Library/Frameworks/XCTest.framework; sourceTree = DEVELOPER_DIR; };
		A1D07BF818CC1E4900FA3A8D /* FootballTests-Info.plist */ = {isa = PBXFileReference; lastKnownFileType = text.plist.xml; path = "FootballTests-Info.plist"; sourceTree = "<group>"; };
		A1D07BFA18CC1E4900FA3A8D /* en */ = {isa = PBXFileReference; lastKnownFileType = text.plist.strings; name = en; path = en.lproj/InfoPlist.strings; sourceTree = "<group>"; };
		A1D07BFC18CC1E4900FA3A8D /* FootballTests.m */ = {isa = PBXFileReference; lastKnownFileType = sourcecode.c.objc; path = FootballTests.m; sourceTree = "<group>"; };
		A1D07C0618CD14B700FA3A8D /* Login.storyboard */ = {isa = PBXFileReference; fileEncoding = 4; lastKnownFileType = file.storyboard; name = Login.storyboard; path = Base.lproj/Login.storyboard; sourceTree = "<group>"; };
		A1D07C0D18CD177F00FA3A8D /* Setting.plist */ = {isa = PBXFileReference; fileEncoding = 4; lastKnownFileType = text.plist.xml; path = Setting.plist; sourceTree = "<group>"; };
		B276E0EB18EF638700DEB116 /* Captain_NewPlayerList.h */ = {isa = PBXFileReference; fileEncoding = 4; lastKnownFileType = sourcecode.c.h; name = Captain_NewPlayerList.h; path = Captain/MyTeam/Captain_NewPlayerList.h; sourceTree = "<group>"; };
		B276E0EC18EF638700DEB116 /* Captain_NewPlayerList.m */ = {isa = PBXFileReference; fileEncoding = 4; lastKnownFileType = sourcecode.c.objc; name = Captain_NewPlayerList.m; path = Captain/MyTeam/Captain_NewPlayerList.m; sourceTree = "<group>"; };
		B2D096EE18EE01D4005221F2 /* CallFriendsMenu.plist */ = {isa = PBXFileReference; fileEncoding = 4; lastKnownFileType = text.plist.xml; name = CallFriendsMenu.plist; path = Login/Register/Captain/CallFriendsMenu.plist; sourceTree = "<group>"; };
		B2D6981418ECC3F700603B87 /* Captain_MyPlayers.h */ = {isa = PBXFileReference; fileEncoding = 4; lastKnownFileType = sourcecode.c.h; name = Captain_MyPlayers.h; path = Captain/MyTeam/Captain_MyPlayers.h; sourceTree = "<group>"; };
		B2D6981518ECC3F700603B87 /* Captain_MyPlayers.m */ = {isa = PBXFileReference; fileEncoding = 4; lastKnownFileType = sourcecode.c.objc; name = Captain_MyPlayers.m; path = Captain/MyTeam/Captain_MyPlayers.m; sourceTree = "<group>"; };
/* End PBXFileReference section */

/* Begin PBXFrameworksBuildPhase section */
		A1D07BCB18CC1E4800FA3A8D /* Frameworks */ = {
			isa = PBXFrameworksBuildPhase;
			buildActionMask = 2147483647;
			files = (
				A1D07BD418CC1E4800FA3A8D /* CoreGraphics.framework in Frameworks */,
				A1D07BD618CC1E4800FA3A8D /* UIKit.framework in Frameworks */,
				A1D07BD218CC1E4800FA3A8D /* Foundation.framework in Frameworks */,
			);
			runOnlyForDeploymentPostprocessing = 0;
		};
		A1D07BEC18CC1E4900FA3A8D /* Frameworks */ = {
			isa = PBXFrameworksBuildPhase;
			buildActionMask = 2147483647;
			files = (
				A1D07BF118CC1E4900FA3A8D /* XCTest.framework in Frameworks */,
				A1D07BF318CC1E4900FA3A8D /* UIKit.framework in Frameworks */,
				A1D07BF218CC1E4900FA3A8D /* Foundation.framework in Frameworks */,
			);
			runOnlyForDeploymentPostprocessing = 0;
		};
/* End PBXFrameworksBuildPhase section */

/* Begin PBXGroup section */
		A103339818D6BF8600050A61 /* Resource */ = {
			isa = PBXGroup;
			children = (
				A1370A491904D53400E64949 /* CreateMatch */,
				A1370A481904D52000E64949 /* Common */,
				A1370A471904D50700E64949 /* MatchArrangement */,
				A1370A461904D4F600E64949 /* Unused */,
				A1370A451904D4E800E64949 /* Login */,
				A1370A441904D4D600E64949 /* Register */,
			);
			name = Resource;
			sourceTree = "<group>";
		};
		A1370A441904D4D600E64949 /* Register */ = {
			isa = PBXGroup;
			children = (
				A1C2802718F79CED004C644E /* register_area.png */,
				A1C2802818F79CED004C644E /* register_birthday.png */,
				A1C2802918F79CED004C644E /* register_phone.png */,
				A1C2802A18F79CED004C644E /* register_qq.png */,
			);
			name = Register;
			sourceTree = "<group>";
		};
		A1370A451904D4E800E64949 /* Login */ = {
			isa = PBXGroup;
			children = (
				A1C2802418F79CED004C644E /* login_logo.png */,
				A1C2802518F79CED004C644E /* login_textfield_title_pwd.png */,
				A1C2802618F79CED004C644E /* login_textfield_title_user.png */,
			);
			name = Login;
			sourceTree = "<group>";
		};
		A1370A461904D4F600E64949 /* Unused */ = {
			isa = PBXGroup;
			children = (
				A19F8D121900E61E00AC8459 /* soccer_title_bar_bg.png */,
				A19F8D131900E61E00AC8459 /* soccer_title_bar_bg@2x.png */,
			);
			name = Unused;
			sourceTree = "<group>";
		};
		A1370A471904D50700E64949 /* MatchArrangement */ = {
			isa = PBXGroup;
			children = (
				A18D7F811904A0F6003028FE /* icon_fillMatchData.png */,
				A18D7F821904A0F6003028FE /* icon_noticePlayers.png */,
			);
			name = MatchArrangement;
			sourceTree = "<group>";
		};
		A1370A481904D52000E64949 /* Common */ = {
			isa = PBXGroup;
			children = (
				A153ACBE190244880062EB44 /* tint_background_arrow.png */,
				A1C2802B18F79CED004C644E /* soccer_grass_bg.png */,
				A1C2802C18F79CED004C644E /* soccer_grass_bg@2x.png */,
			);
			name = Common;
			sourceTree = "<group>";
		};
		A1370A491904D53400E64949 /* CreateMatch */ = {
			isa = PBXGroup;
			children = (
				A1370A541904D7CC00E64949 /* leftIcon_createMatch_cost.png */,
				A1370A551904D7CC00E64949 /* leftIcon_createMatch_numOfPlayers.png */,
				A1370A561904D7CC00E64949 /* leftIcon_createMatch_opponent.png */,
				A1370A571904D7CC00E64949 /* leftIcon_createMatch_place.png */,
				A1370A581904D7CC00E64949 /* leftIcon_createMatch_time.png */,
			);
			name = CreateMatch;
			sourceTree = "<group>";
		};
		A173033D18FB5A0A00702015 /* Utils */ = {
			isa = PBXGroup;
			children = (
				A173033A18FB5A0400702015 /* WebUtils.h */,
				A173033B18FB5A0400702015 /* WebUtils.m */,
			);
			name = Utils;
			path = ..;
			sourceTree = "<group>";
		};
		A1B0DA1E18EA786600671383 /* MyMatches */ = {
			isa = PBXGroup;
			children = (
				A1B0DA1B18EA785C00671383 /* Captain_MatchArrangement.h */,
				A1B0DA1C18EA785C00671383 /* Captain_MatchArrangement.m */,
				A153ACC0190248F80062EB44 /* Captain_CreateMatch.h */,
				A153ACC1190248F80062EB44 /* Captain_CreateMatch.m */,
				A1C41F3119062943001A2EFD /* Captain_CreateMatch_EnterOpponent.h */,
				A1C41F3219062943001A2EFD /* Captain_CreateMatch_EnterOpponent.m */,
				A153ACBC19023F640062EB44 /* Hint_List.plist */,
				A153ACB919023ECF0062EB44 /* HintTextView.h */,
				A153ACBA19023ECF0062EB44 /* HintTextView.m */,
			);
			name = MyMatches;
			sourceTree = "<group>";
		};
		A1C8FA3D18DFB1C500BE42D4 /* Register */ = {
			isa = PBXGroup;
			children = (
				A11F052318E68EE900109870 /* UITextField_WithoutContextMenu.h */,
				A11F052418E68EE900109870 /* UITextField_WithoutContextMenu.m */,
				A11F052618E68FBE00109870 /* ActivityRegion.plist */,
				A1C8FA4618DFEA0B00BE42D4 /* Player */,
				A1C8FA4518DFE9F700BE42D4 /* Captain */,
			);
			name = Register;
			sourceTree = "<group>";
		};
		A1C8FA4518DFE9F700BE42D4 /* Captain */ = {
			isa = PBXGroup;
			children = (
				B2D096EE18EE01D4005221F2 /* CallFriendsMenu.plist */,
				A1C8F9E718DE895C00BE42D4 /* Register_Captain.h */,
				A1C8F9E818DE895C00BE42D4 /* Register_Captain.m */,
				A1C8FA3A18DFB17300BE42D4 /* Register_Captain_Advance.h */,
				A1C8FA3B18DFB17300BE42D4 /* Register_Captain_Advance.m */,
			);
			name = Captain;
			sourceTree = "<group>";
		};
		A1C8FA4618DFEA0B00BE42D4 /* Player */ = {
			isa = PBXGroup;
			children = (
				A1C8FA4718DFEADD00BE42D4 /* Register_Player.h */,
				A1C8FA4818DFEADD00BE42D4 /* Register_Player.m */,
				A1C8FA4A18DFEAFE00BE42D4 /* Register_Player_Advance.h */,
				A1C8FA4B18DFEAFE00BE42D4 /* Register_Player_Advance.m */,
			);
			name = Player;
			sourceTree = "<group>";
		};
		A1D07BC518CC1E4800FA3A8D = {
			isa = PBXGroup;
			children = (
				A1D07BD718CC1E4800FA3A8D /* Football */,
				A1D07BF618CC1E4900FA3A8D /* FootballTests */,
				A1D07BD018CC1E4800FA3A8D /* Frameworks */,
				A1D07BCF18CC1E4800FA3A8D /* Products */,
			);
			sourceTree = "<group>";
		};
		A1D07BCF18CC1E4800FA3A8D /* Products */ = {
			isa = PBXGroup;
			children = (
				A1D07BCE18CC1E4800FA3A8D /* Football.app */,
				A1D07BEF18CC1E4900FA3A8D /* FootballTests.xctest */,
			);
			name = Products;
			sourceTree = "<group>";
		};
		A1D07BD018CC1E4800FA3A8D /* Frameworks */ = {
			isa = PBXGroup;
			children = (
				A1D07BD118CC1E4800FA3A8D /* Foundation.framework */,
				A1D07BD318CC1E4800FA3A8D /* CoreGraphics.framework */,
				A1D07BD518CC1E4800FA3A8D /* UIKit.framework */,
				A1D07BF018CC1E4900FA3A8D /* XCTest.framework */,
			);
			name = Frameworks;
			sourceTree = "<group>";
		};
		A1D07BD718CC1E4800FA3A8D /* Football */ = {
			isa = PBXGroup;
			children = (
				A178CED718FE343A007A3CA6 /* Pre_Define.h */,
				A1D07BE018CC1E4800FA3A8D /* AppDelegate.h */,
				A1D07BE118CC1E4800FA3A8D /* AppDelegate.m */,
				A173033D18FB5A0A00702015 /* Utils */,
				A103339818D6BF8600050A61 /* Resource */,
				A1D07C0C18CD162500FA3A8D /* Captain */,
				A1D07C0818CD154600FA3A8D /* Login&Register */,
				A1D07BE918CC1E4800FA3A8D /* Images.xcassets */,
				A1D07BD818CC1E4800FA3A8D /* Supporting Files */,
			);
			path = Football;
			sourceTree = "<group>";
		};
		A1D07BD818CC1E4800FA3A8D /* Supporting Files */ = {
			isa = PBXGroup;
			children = (
				A1D07C0D18CD177F00FA3A8D /* Setting.plist */,
				A1D07BD918CC1E4800FA3A8D /* Football-Info.plist */,
				A1D07BDA18CC1E4800FA3A8D /* InfoPlist.strings */,
				A1D07BDD18CC1E4800FA3A8D /* main.m */,
				A1D07BDF18CC1E4800FA3A8D /* Football-Prefix.pch */,
			);
			name = "Supporting Files";
			sourceTree = "<group>";
		};
		A1D07BF618CC1E4900FA3A8D /* FootballTests */ = {
			isa = PBXGroup;
			children = (
				A1D07BFC18CC1E4900FA3A8D /* FootballTests.m */,
				A1D07BF718CC1E4900FA3A8D /* Supporting Files */,
			);
			path = FootballTests;
			sourceTree = "<group>";
		};
		A1D07BF718CC1E4900FA3A8D /* Supporting Files */ = {
			isa = PBXGroup;
			children = (
				A1D07BF818CC1E4900FA3A8D /* FootballTests-Info.plist */,
				A1D07BF918CC1E4900FA3A8D /* InfoPlist.strings */,
			);
			name = "Supporting Files";
			sourceTree = "<group>";
		};
		A1D07C0818CD154600FA3A8D /* Login&Register */ = {
			isa = PBXGroup;
			children = (
				A1C8FA3D18DFB1C500BE42D4 /* Register */,
				A1D07C0618CD14B700FA3A8D /* Login.storyboard */,
				A1C8FA4118DFB8D700BE42D4 /* LoginAndRegisterView.h */,
				A103339118D6B49900050A61 /* Login.h */,
				A103339218D6B49900050A61 /* Login.m */,
				A1C8F9EA18DE90B400BE42D4 /* Login_Content.h */,
				A1C8F9EB18DE90B400BE42D4 /* Login_Content.m */,
			);
			name = "Login&Register";
			sourceTree = "<group>";
		};
		A1D07C0C18CD162500FA3A8D /* Captain */ = {
			isa = PBXGroup;
			children = (
				A103338918D419A300050A61 /* Captain.storyboard */,
				A1C8F9DE18DAA12600BE42D4 /* Captain_MenuList.plist */,
				A1C8F9E018DAAA3400BE42D4 /* Captain_MainMenu.h */,
				A1C8F9E118DAAA3400BE42D4 /* Captain_MainMenu.m */,
				A18D7F781903912D003028FE /* Captain_RootNavigationController.h */,
				A18D7F791903912D003028FE /* Captain_RootNavigationController.m */,
				B2D6981318ECC35500603B87 /* MyTeam */,
				A1B0DA1E18EA786600671383 /* MyMatches */,
			);
			name = Captain;
			sourceTree = "<group>";
		};
		B2D6981318ECC35500603B87 /* MyTeam */ = {
			isa = PBXGroup;
			children = (
				B2D6981418ECC3F700603B87 /* Captain_MyPlayers.h */,
				B2D6981518ECC3F700603B87 /* Captain_MyPlayers.m */,
				A18E469418EE678500784A48 /* Captain_NewPlayer.h */,
				A18E469518EE678500784A48 /* Captain_NewPlayer.m */,
				B276E0EB18EF638700DEB116 /* Captain_NewPlayerList.h */,
				B276E0EC18EF638700DEB116 /* Captain_NewPlayerList.m */,
				A145670118F0BDDB006E158E /* Captain_NewPlayer_ApplicantCell.h */,
				A145670218F0BDDB006E158E /* Captain_NewPlayer_ApplicantCell.m */,
				A145670718F1064E006E158E /* Captain_NewPlayer_InviteeCell.h */,
				A145670818F1064E006E158E /* Captain_NewPlayer_InviteeCell.m */,
				A114302318F2545100A39F13 /* Captain_TeamProfile.h */,
				A114302418F2545100A39F13 /* Captain_TeamProfile.m */,
			);
			name = MyTeam;
			sourceTree = "<group>";
		};
/* End PBXGroup section */

/* Begin PBXNativeTarget section */
		A1D07BCD18CC1E4800FA3A8D /* Football */ = {
			isa = PBXNativeTarget;
			buildConfigurationList = A1D07C0018CC1E4900FA3A8D /* Build configuration list for PBXNativeTarget "Football" */;
			buildPhases = (
				A1D07BCA18CC1E4800FA3A8D /* Sources */,
				A1D07BCB18CC1E4800FA3A8D /* Frameworks */,
				A1D07BCC18CC1E4800FA3A8D /* Resources */,
			);
			buildRules = (
			);
			dependencies = (
			);
			name = Football;
			productName = Football;
			productReference = A1D07BCE18CC1E4800FA3A8D /* Football.app */;
			productType = "com.apple.product-type.application";
		};
		A1D07BEE18CC1E4900FA3A8D /* FootballTests */ = {
			isa = PBXNativeTarget;
			buildConfigurationList = A1D07C0318CC1E4900FA3A8D /* Build configuration list for PBXNativeTarget "FootballTests" */;
			buildPhases = (
				A1D07BEB18CC1E4900FA3A8D /* Sources */,
				A1D07BEC18CC1E4900FA3A8D /* Frameworks */,
				A1D07BED18CC1E4900FA3A8D /* Resources */,
			);
			buildRules = (
			);
			dependencies = (
				A1D07BF518CC1E4900FA3A8D /* PBXTargetDependency */,
			);
			name = FootballTests;
			productName = FootballTests;
			productReference = A1D07BEF18CC1E4900FA3A8D /* FootballTests.xctest */;
			productType = "com.apple.product-type.bundle.unit-test";
		};
/* End PBXNativeTarget section */

/* Begin PBXProject section */
		A1D07BC618CC1E4800FA3A8D /* Project object */ = {
			isa = PBXProject;
			attributes = {
				LastUpgradeCheck = 0510;
				ORGANIZATIONNAME = "Xinyi Xu";
				TargetAttributes = {
					A1D07BEE18CC1E4900FA3A8D = {
						TestTargetID = A1D07BCD18CC1E4800FA3A8D;
					};
				};
			};
			buildConfigurationList = A1D07BC918CC1E4800FA3A8D /* Build configuration list for PBXProject "Football" */;
			compatibilityVersion = "Xcode 3.2";
			developmentRegion = English;
			hasScannedForEncodings = 0;
			knownRegions = (
				en,
				Base,
			);
			mainGroup = A1D07BC518CC1E4800FA3A8D;
			productRefGroup = A1D07BCF18CC1E4800FA3A8D /* Products */;
			projectDirPath = "";
			projectRoot = "";
			targets = (
				A1D07BCD18CC1E4800FA3A8D /* Football */,
				A1D07BEE18CC1E4900FA3A8D /* FootballTests */,
			);
		};
/* End PBXProject section */

/* Begin PBXResourcesBuildPhase section */
		A1D07BCC18CC1E4800FA3A8D /* Resources */ = {
			isa = PBXResourcesBuildPhase;
			buildActionMask = 2147483647;
			files = (
				A1D07C0E18CD177F00FA3A8D /* Setting.plist in Resources */,
				B2D096EF18EE01D4005221F2 /* CallFriendsMenu.plist in Resources */,
				A18D7F841904A0F6003028FE /* icon_noticePlayers.png in Resources */,
				A1C2803518F79CED004C644E /* soccer_grass_bg@2x.png in Resources */,
				A1370A591904D7CC00E64949 /* leftIcon_createMatch_cost.png in Resources */,
				A1C2802E18F79CED004C644E /* login_textfield_title_pwd.png in Resources */,
				A1370A5C1904D7CC00E64949 /* leftIcon_createMatch_place.png in Resources */,
				A1C2803218F79CED004C644E /* register_phone.png in Resources */,
				A1D07C0718CD14B700FA3A8D /* Login.storyboard in Resources */,
				A1D07BEA18CC1E4800FA3A8D /* Images.xcassets in Resources */,
				A1370A5A1904D7CC00E64949 /* leftIcon_createMatch_numOfPlayers.png in Resources */,
				A1370A5B1904D7CC00E64949 /* leftIcon_createMatch_opponent.png in Resources */,
				A1C2803318F79CED004C644E /* register_qq.png in Resources */,
				A1C2803018F79CED004C644E /* register_area.png in Resources */,
				A1370A5D1904D7CC00E64949 /* leftIcon_createMatch_time.png in Resources */,
				A18D7F831904A0F6003028FE /* icon_fillMatchData.png in Resources */,
				A11F052718E68FBE00109870 /* ActivityRegion.plist in Resources */,
				A19F8D141900E61E00AC8459 /* soccer_title_bar_bg.png in Resources */,
				A1D07BDC18CC1E4800FA3A8D /* InfoPlist.strings in Resources */,
				A1C2802F18F79CED004C644E /* login_textfield_title_user.png in Resources */,
				A1C8F9DF18DAA12600BE42D4 /* Captain_MenuList.plist in Resources */,
				A153ACBF190244880062EB44 /* tint_background_arrow.png in Resources */,
				A19F8D151900E61E00AC8459 /* soccer_title_bar_bg@2x.png in Resources */,
				A1C2803418F79CED004C644E /* soccer_grass_bg.png in Resources */,
				A1C2802D18F79CED004C644E /* login_logo.png in Resources */,
				A1C2803118F79CED004C644E /* register_birthday.png in Resources */,
				A103338A18D419A300050A61 /* Captain.storyboard in Resources */,
				A153ACBD19023F640062EB44 /* Hint_List.plist in Resources */,
			);
			runOnlyForDeploymentPostprocessing = 0;
		};
		A1D07BED18CC1E4900FA3A8D /* Resources */ = {
			isa = PBXResourcesBuildPhase;
			buildActionMask = 2147483647;
			files = (
				A1D07BFB18CC1E4900FA3A8D /* InfoPlist.strings in Resources */,
			);
			runOnlyForDeploymentPostprocessing = 0;
		};
/* End PBXResourcesBuildPhase section */

/* Begin PBXSourcesBuildPhase section */
		A1D07BCA18CC1E4800FA3A8D /* Sources */ = {
			isa = PBXSourcesBuildPhase;
			buildActionMask = 2147483647;
			files = (
				A103339318D6B49900050A61 /* Login.m in Sources */,
				A1D07BE218CC1E4800FA3A8D /* AppDelegate.m in Sources */,
				A18E469618EE678500784A48 /* Captain_NewPlayer.m in Sources */,
				A173033C18FB5A0400702015 /* WebUtils.m in Sources */,
				A1D07BDE18CC1E4800FA3A8D /* main.m in Sources */,
				A1B0DA1D18EA785C00671383 /* Captain_MatchArrangement.m in Sources */,
				A1C8F9EC18DE90B400BE42D4 /* Login_Content.m in Sources */,
				A18D7F7A1903912D003028FE /* Captain_RootNavigationController.m in Sources */,
				A1C8F9E918DE895C00BE42D4 /* Register_Captain.m in Sources */,
				A153ACBB19023ECF0062EB44 /* HintTextView.m in Sources */,
				A1C8FA3C18DFB17300BE42D4 /* Register_Captain_Advance.m in Sources */,
				B2D6981618ECC3F700603B87 /* Captain_MyPlayers.m in Sources */,
				A145670318F0BDDB006E158E /* Captain_NewPlayer_ApplicantCell.m in Sources */,
				A145670918F1064E006E158E /* Captain_NewPlayer_InviteeCell.m in Sources */,
				A1C8FA4918DFEADD00BE42D4 /* Register_Player.m in Sources */,
				A1C8FA4C18DFEAFE00BE42D4 /* Register_Player_Advance.m in Sources */,
				B276E0ED18EF638700DEB116 /* Captain_NewPlayerList.m in Sources */,
				A1C8F9E218DAAA3500BE42D4 /* Captain_MainMenu.m in Sources */,
				A1C41F3319062943001A2EFD /* Captain_CreateMatch_EnterOpponent.m in Sources */,
				A153ACC2190248F80062EB44 /* Captain_CreateMatch.m in Sources */,
				A114302518F2545100A39F13 /* Captain_TeamProfile.m in Sources */,
				A11F052518E68EE900109870 /* UITextField_WithoutContextMenu.m in Sources */,
			);
			runOnlyForDeploymentPostprocessing = 0;
		};
		A1D07BEB18CC1E4900FA3A8D /* Sources */ = {
			isa = PBXSourcesBuildPhase;
			buildActionMask = 2147483647;
			files = (
				A1D07BFD18CC1E4900FA3A8D /* FootballTests.m in Sources */,
			);
			runOnlyForDeploymentPostprocessing = 0;
		};
/* End PBXSourcesBuildPhase section */

/* Begin PBXTargetDependency section */
		A1D07BF518CC1E4900FA3A8D /* PBXTargetDependency */ = {
			isa = PBXTargetDependency;
			target = A1D07BCD18CC1E4800FA3A8D /* Football */;
			targetProxy = A1D07BF418CC1E4900FA3A8D /* PBXContainerItemProxy */;
		};
/* End PBXTargetDependency section */

/* Begin PBXVariantGroup section */
		A1D07BDA18CC1E4800FA3A8D /* InfoPlist.strings */ = {
			isa = PBXVariantGroup;
			children = (
				A1D07BDB18CC1E4800FA3A8D /* en */,
			);
			name = InfoPlist.strings;
			sourceTree = "<group>";
		};
		A1D07BF918CC1E4900FA3A8D /* InfoPlist.strings */ = {
			isa = PBXVariantGroup;
			children = (
				A1D07BFA18CC1E4900FA3A8D /* en */,
			);
			name = InfoPlist.strings;
			sourceTree = "<group>";
		};
/* End PBXVariantGroup section */

/* Begin XCBuildConfiguration section */
		A1D07BFE18CC1E4900FA3A8D /* Debug */ = {
			isa = XCBuildConfiguration;
			buildSettings = {
				ALWAYS_SEARCH_USER_PATHS = NO;
				CLANG_CXX_LANGUAGE_STANDARD = "gnu++0x";
				CLANG_CXX_LIBRARY = "libc++";
				CLANG_ENABLE_MODULES = YES;
				CLANG_ENABLE_OBJC_ARC = YES;
				CLANG_WARN_BOOL_CONVERSION = YES;
				CLANG_WARN_CONSTANT_CONVERSION = YES;
				CLANG_WARN_DIRECT_OBJC_ISA_USAGE = YES_ERROR;
				CLANG_WARN_EMPTY_BODY = YES;
				CLANG_WARN_ENUM_CONVERSION = YES;
				CLANG_WARN_INT_CONVERSION = YES;
				CLANG_WARN_OBJC_ROOT_CLASS = YES_ERROR;
				CLANG_WARN__DUPLICATE_METHOD_MATCH = YES;
				"CODE_SIGN_IDENTITY[sdk=iphoneos*]" = "iPhone Developer";
				COPY_PHASE_STRIP = NO;
				GCC_C_LANGUAGE_STANDARD = gnu99;
				GCC_DYNAMIC_NO_PIC = NO;
				GCC_OPTIMIZATION_LEVEL = 0;
				GCC_PREPROCESSOR_DEFINITIONS = (
					"DEBUG=1",
					"$(inherited)",
				);
				GCC_SYMBOLS_PRIVATE_EXTERN = NO;
				GCC_WARN_64_TO_32_BIT_CONVERSION = YES;
				GCC_WARN_ABOUT_RETURN_TYPE = YES_ERROR;
				GCC_WARN_UNDECLARED_SELECTOR = YES;
				GCC_WARN_UNINITIALIZED_AUTOS = YES;
				GCC_WARN_UNUSED_FUNCTION = YES;
				GCC_WARN_UNUSED_VARIABLE = YES;
				IPHONEOS_DEPLOYMENT_TARGET = 7.0;
				ONLY_ACTIVE_ARCH = YES;
				SDKROOT = iphoneos;
			};
			name = Debug;
		};
		A1D07BFF18CC1E4900FA3A8D /* Release */ = {
			isa = XCBuildConfiguration;
			buildSettings = {
				ALWAYS_SEARCH_USER_PATHS = NO;
				CLANG_CXX_LANGUAGE_STANDARD = "gnu++0x";
				CLANG_CXX_LIBRARY = "libc++";
				CLANG_ENABLE_MODULES = YES;
				CLANG_ENABLE_OBJC_ARC = YES;
				CLANG_WARN_BOOL_CONVERSION = YES;
				CLANG_WARN_CONSTANT_CONVERSION = YES;
				CLANG_WARN_DIRECT_OBJC_ISA_USAGE = YES_ERROR;
				CLANG_WARN_EMPTY_BODY = YES;
				CLANG_WARN_ENUM_CONVERSION = YES;
				CLANG_WARN_INT_CONVERSION = YES;
				CLANG_WARN_OBJC_ROOT_CLASS = YES_ERROR;
				CLANG_WARN__DUPLICATE_METHOD_MATCH = YES;
				"CODE_SIGN_IDENTITY[sdk=iphoneos*]" = "iPhone Developer";
				COPY_PHASE_STRIP = YES;
				ENABLE_NS_ASSERTIONS = NO;
				GCC_C_LANGUAGE_STANDARD = gnu99;
				GCC_WARN_64_TO_32_BIT_CONVERSION = YES;
				GCC_WARN_ABOUT_RETURN_TYPE = YES_ERROR;
				GCC_WARN_UNDECLARED_SELECTOR = YES;
				GCC_WARN_UNINITIALIZED_AUTOS = YES;
				GCC_WARN_UNUSED_FUNCTION = YES;
				GCC_WARN_UNUSED_VARIABLE = YES;
				IPHONEOS_DEPLOYMENT_TARGET = 7.0;
				SDKROOT = iphoneos;
				VALIDATE_PRODUCT = YES;
			};
			name = Release;
		};
		A1D07C0118CC1E4900FA3A8D /* Debug */ = {
			isa = XCBuildConfiguration;
			buildSettings = {
				ASSETCATALOG_COMPILER_APPICON_NAME = AppIcon;
				ASSETCATALOG_COMPILER_LAUNCHIMAGE_NAME = LaunchImage;
				GCC_PRECOMPILE_PREFIX_HEADER = YES;
				GCC_PREFIX_HEADER = "Football/Football-Prefix.pch";
				INFOPLIST_FILE = "Football/Football-Info.plist";
				IPHONEOS_DEPLOYMENT_TARGET = 7.1;
				PRODUCT_NAME = "$(TARGET_NAME)";
				WRAPPER_EXTENSION = app;
			};
			name = Debug;
		};
		A1D07C0218CC1E4900FA3A8D /* Release */ = {
			isa = XCBuildConfiguration;
			buildSettings = {
				ASSETCATALOG_COMPILER_APPICON_NAME = AppIcon;
				ASSETCATALOG_COMPILER_LAUNCHIMAGE_NAME = LaunchImage;
				GCC_PRECOMPILE_PREFIX_HEADER = YES;
				GCC_PREFIX_HEADER = "Football/Football-Prefix.pch";
				INFOPLIST_FILE = "Football/Football-Info.plist";
				IPHONEOS_DEPLOYMENT_TARGET = 7.1;
				PRODUCT_NAME = "$(TARGET_NAME)";
				WRAPPER_EXTENSION = app;
			};
			name = Release;
		};
		A1D07C0418CC1E4900FA3A8D /* Debug */ = {
			isa = XCBuildConfiguration;
			buildSettings = {
				BUNDLE_LOADER = "$(BUILT_PRODUCTS_DIR)/Football.app/Football";
				FRAMEWORK_SEARCH_PATHS = (
					"$(SDKROOT)/Developer/Library/Frameworks",
					"$(inherited)",
					"$(DEVELOPER_FRAMEWORKS_DIR)",
				);
				GCC_PRECOMPILE_PREFIX_HEADER = YES;
				GCC_PREFIX_HEADER = "Football/Football-Prefix.pch";
				GCC_PREPROCESSOR_DEFINITIONS = (
					"DEBUG=1",
					"$(inherited)",
				);
				INFOPLIST_FILE = "FootballTests/FootballTests-Info.plist";
				PRODUCT_NAME = "$(TARGET_NAME)";
				TEST_HOST = "$(BUNDLE_LOADER)";
				WRAPPER_EXTENSION = xctest;
			};
			name = Debug;
		};
		A1D07C0518CC1E4900FA3A8D /* Release */ = {
			isa = XCBuildConfiguration;
			buildSettings = {
				BUNDLE_LOADER = "$(BUILT_PRODUCTS_DIR)/Football.app/Football";
				FRAMEWORK_SEARCH_PATHS = (
					"$(SDKROOT)/Developer/Library/Frameworks",
					"$(inherited)",
					"$(DEVELOPER_FRAMEWORKS_DIR)",
				);
				GCC_PRECOMPILE_PREFIX_HEADER = YES;
				GCC_PREFIX_HEADER = "Football/Football-Prefix.pch";
				INFOPLIST_FILE = "FootballTests/FootballTests-Info.plist";
				PRODUCT_NAME = "$(TARGET_NAME)";
				TEST_HOST = "$(BUNDLE_LOADER)";
				WRAPPER_EXTENSION = xctest;
			};
			name = Release;
		};
/* End XCBuildConfiguration section */

/* Begin XCConfigurationList section */
		A1D07BC918CC1E4800FA3A8D /* Build configuration list for PBXProject "Football" */ = {
			isa = XCConfigurationList;
			buildConfigurations = (
				A1D07BFE18CC1E4900FA3A8D /* Debug */,
				A1D07BFF18CC1E4900FA3A8D /* Release */,
			);
			defaultConfigurationIsVisible = 0;
			defaultConfigurationName = Release;
		};
		A1D07C0018CC1E4900FA3A8D /* Build configuration list for PBXNativeTarget "Football" */ = {
			isa = XCConfigurationList;
			buildConfigurations = (
				A1D07C0118CC1E4900FA3A8D /* Debug */,
				A1D07C0218CC1E4900FA3A8D /* Release */,
			);
			defaultConfigurationIsVisible = 0;
			defaultConfigurationName = Release;
		};
		A1D07C0318CC1E4900FA3A8D /* Build configuration list for PBXNativeTarget "FootballTests" */ = {
			isa = XCConfigurationList;
			buildConfigurations = (
				A1D07C0418CC1E4900FA3A8D /* Debug */,
				A1D07C0518CC1E4900FA3A8D /* Release */,
			);
			defaultConfigurationIsVisible = 0;
			defaultConfigurationName = Release;
		};
/* End XCConfigurationList section */
	};
	rootObject = A1D07BC618CC1E4800FA3A8D /* Project object */;
}
