// !$*UTF8*$!
{
	archiveVersion = 1;
	classes = {
	};
	objectVersion = 46;
	objects = {

/* Begin PBXBuildFile section */
		A103338A18D419A300050A61 /* Captain.storyboard in Resources */ = {isa = PBXBuildFile; fileRef = A103338918D419A300050A61 /* Captain.storyboard */; };
		A103339018D4F3FA00050A61 /* Captain_RootViewController.m in Sources */ = {isa = PBXBuildFile; fileRef = A103338F18D4F3FA00050A61 /* Captain_RootViewController.m */; };
		A103339318D6B49900050A61 /* Login.m in Sources */ = {isa = PBXBuildFile; fileRef = A103339218D6B49900050A61 /* Login.m */; };
		A103339618D6BF7900050A61 /* LoginAccountIcon.jpg in Resources */ = {isa = PBXBuildFile; fileRef = A103339418D6BF7900050A61 /* LoginAccountIcon.jpg */; };
		A103339718D6BF7900050A61 /* PasswordIcon.jpg in Resources */ = {isa = PBXBuildFile; fileRef = A103339518D6BF7900050A61 /* PasswordIcon.jpg */; };
		A11F052518E68EE900109870 /* UITextField_WithoutContextMenu.m in Sources */ = {isa = PBXBuildFile; fileRef = A11F052418E68EE900109870 /* UITextField_WithoutContextMenu.m */; };
		A11F052718E68FBE00109870 /* ActivityRegion.plist in Resources */ = {isa = PBXBuildFile; fileRef = A11F052618E68FBE00109870 /* ActivityRegion.plist */; };
		A1B0D9D218E8CA5700671383 /* Captain_TabBarController.m in Sources */ = {isa = PBXBuildFile; fileRef = A1B0D9D118E8CA5700671383 /* Captain_TabBarController.m */; };
		A1B0DA1618EA767F00671383 /* TeamIcon.jpg in Resources */ = {isa = PBXBuildFile; fileRef = A1B0DA1518EA767F00671383 /* TeamIcon.jpg */; };
		A1B0DA1A18EA76F900671383 /* Captain_TeamInfo.m in Sources */ = {isa = PBXBuildFile; fileRef = A1B0DA1918EA76F900671383 /* Captain_TeamInfo.m */; };
		A1B0DA1D18EA785C00671383 /* Captain_MyMatches.m in Sources */ = {isa = PBXBuildFile; fileRef = A1B0DA1C18EA785C00671383 /* Captain_MyMatches.m */; };
		A1C8F9DF18DAA12600BE42D4 /* Captain_MenuList.plist in Resources */ = {isa = PBXBuildFile; fileRef = A1C8F9DE18DAA12600BE42D4 /* Captain_MenuList.plist */; };
		A1C8F9E218DAAA3500BE42D4 /* Captain_MainMenu.m in Sources */ = {isa = PBXBuildFile; fileRef = A1C8F9E118DAAA3400BE42D4 /* Captain_MainMenu.m */; };
		A1C8F9E918DE895C00BE42D4 /* Register_Captain.m in Sources */ = {isa = PBXBuildFile; fileRef = A1C8F9E818DE895C00BE42D4 /* Register_Captain.m */; };
		A1C8F9EC18DE90B400BE42D4 /* Login_Content.m in Sources */ = {isa = PBXBuildFile; fileRef = A1C8F9EB18DE90B400BE42D4 /* Login_Content.m */; };
		A1C8FA3C18DFB17300BE42D4 /* Register_Captain_Advance.m in Sources */ = {isa = PBXBuildFile; fileRef = A1C8FA3B18DFB17300BE42D4 /* Register_Captain_Advance.m */; };
		A1C8FA4418DFBBA800BE42D4 /* CallFriendsMenu.m in Sources */ = {isa = PBXBuildFile; fileRef = A1C8FA4318DFBBA800BE42D4 /* CallFriendsMenu.m */; };
		A1C8FA4918DFEADD00BE42D4 /* Register_Player.m in Sources */ = {isa = PBXBuildFile; fileRef = A1C8FA4818DFEADD00BE42D4 /* Register_Player.m */; };
		A1C8FA4C18DFEAFE00BE42D4 /* Register_Player_Advance.m in Sources */ = {isa = PBXBuildFile; fileRef = A1C8FA4B18DFEAFE00BE42D4 /* Register_Player_Advance.m */; };
		A1D07BD218CC1E4800FA3A8D /* Foundation.framework in Frameworks */ = {isa = PBXBuildFile; fileRef = A1D07BD118CC1E4800FA3A8D /* Foundation.framework */; };
		A1D07BD418CC1E4800FA3A8D /* CoreGraphics.framework in Frameworks */ = {isa = PBXBuildFile; fileRef = A1D07BD318CC1E4800FA3A8D /* CoreGraphics.framework */; };
		A1D07BD618CC1E4800FA3A8D /* UIKit.framework in Frameworks */ = {isa = PBXBuildFile; fileRef = A1D07BD518CC1E4800FA3A8D /* UIKit.framework */; };
		A1D07BDC18CC1E4800FA3A8D /* InfoPlist.strings in Resources */ = {isa = PBXBuildFile; fileRef = A1D07BDA18CC1E4800FA3A8D /* InfoPlist.strings */; };
		A1D07BDE18CC1E4800FA3A8D /* main.m in Sources */ = {isa = PBXBuildFile; fileRef = A1D07BDD18CC1E4800FA3A8D /* main.m */; };
		A1D07BE218CC1E4800FA3A8D /* AppDelegate.m in Sources */ = {isa = PBXBuildFile; fileRef = A1D07BE118CC1E4800FA3A8D /* AppDelegate.m */; };
		A1D07BEA18CC1E4800FA3A8D /* Images.xcassets in Resources */ = {isa = PBXBuildFile; fileRef = A1D07BE918CC1E4800FA3A8D /* Images.xcassets */; };
		A1D07BF118CC1E4900FA3A8D /* XCTest.framework in Frameworks */ = {isa = PBXBuildFile; fileRef = A1D07BF018CC1E4900FA3A8D /* XCTest.framework */; };
		A1D07BF218CC1E4900FA3A8D /* Foundation.framework in Frameworks */ = {isa = PBXBuildFile; fileRef = A1D07BD118CC1E4800FA3A8D /* Foundation.framework */; };
		A1D07BF318CC1E4900FA3A8D /* UIKit.framework in Frameworks */ = {isa = PBXBuildFile; fileRef = A1D07BD518CC1E4800FA3A8D /* UIKit.framework */; };
		A1D07BFB18CC1E4900FA3A8D /* InfoPlist.strings in Resources */ = {isa = PBXBuildFile; fileRef = A1D07BF918CC1E4900FA3A8D /* InfoPlist.strings */; };
		A1D07BFD18CC1E4900FA3A8D /* FootballTests.m in Sources */ = {isa = PBXBuildFile; fileRef = A1D07BFC18CC1E4900FA3A8D /* FootballTests.m */; };
		A1D07C0718CD14B700FA3A8D /* Login.storyboard in Resources */ = {isa = PBXBuildFile; fileRef = A1D07C0618CD14B700FA3A8D /* Login.storyboard */; };
		A1D07C0B18CD158500FA3A8D /* VC_Login.m in Sources */ = {isa = PBXBuildFile; fileRef = A1D07C0A18CD158500FA3A8D /* VC_Login.m */; };
		A1D07C0E18CD177F00FA3A8D /* Setting.plist in Resources */ = {isa = PBXBuildFile; fileRef = A1D07C0D18CD177F00FA3A8D /* Setting.plist */; };
		B2C6BF0D18EB86F200083537 /* Background.jpg in Resources */ = {isa = PBXBuildFile; fileRef = B2C6BF0C18EB86F200083537 /* Background.jpg */; };
		B2D6981618ECC3F700603B87 /* Captain_MyTeam.m in Sources */ = {isa = PBXBuildFile; fileRef = B2D6981518ECC3F700603B87 /* Captain_MyTeam.m */; };
/* End PBXBuildFile section */

/* Begin PBXContainerItemProxy section */
		A1D07BF418CC1E4900FA3A8D /* PBXContainerItemProxy */ = {
			isa = PBXContainerItemProxy;
			containerPortal = A1D07BC618CC1E4800FA3A8D /* Project object */;
			proxyType = 1;
			remoteGlobalIDString = A1D07BCD18CC1E4800FA3A8D;
			remoteInfo = Football;
		};
/* End PBXContainerItemProxy section */

/* Begin PBXFileReference section */
		A103338918D419A300050A61 /* Captain.storyboard */ = {isa = PBXFileReference; fileEncoding = 4; lastKnownFileType = file.storyboard; name = Captain.storyboard; path = Captain/Captain.storyboard; sourceTree = "<group>"; };
		A103338E18D4F3FA00050A61 /* Captain_RootViewController.h */ = {isa = PBXFileReference; fileEncoding = 4; lastKnownFileType = sourcecode.c.h; name = Captain_RootViewController.h; path = Captain/Captain_RootViewController.h; sourceTree = "<group>"; };
		A103338F18D4F3FA00050A61 /* Captain_RootViewController.m */ = {isa = PBXFileReference; fileEncoding = 4; lastKnownFileType = sourcecode.c.objc; name = Captain_RootViewController.m; path = Captain/Captain_RootViewController.m; sourceTree = "<group>"; };
		A103339118D6B49900050A61 /* Login.h */ = {isa = PBXFileReference; fileEncoding = 4; lastKnownFileType = sourcecode.c.h; name = Login.h; path = Login/Login.h; sourceTree = "<group>"; };
		A103339218D6B49900050A61 /* Login.m */ = {isa = PBXFileReference; fileEncoding = 4; lastKnownFileType = sourcecode.c.objc; name = Login.m; path = Login/Login.m; sourceTree = "<group>"; };
		A103339418D6BF7900050A61 /* LoginAccountIcon.jpg */ = {isa = PBXFileReference; lastKnownFileType = image.jpeg; name = LoginAccountIcon.jpg; path = Images.xcassets/LoginAccountIcon.jpg; sourceTree = "<group>"; };
		A103339518D6BF7900050A61 /* PasswordIcon.jpg */ = {isa = PBXFileReference; lastKnownFileType = image.jpeg; name = PasswordIcon.jpg; path = Images.xcassets/PasswordIcon.jpg; sourceTree = "<group>"; };
		A11F052318E68EE900109870 /* UITextField_WithoutContextMenu.h */ = {isa = PBXFileReference; fileEncoding = 4; lastKnownFileType = sourcecode.c.h; name = UITextField_WithoutContextMenu.h; path = Login/Register/UITextField_WithoutContextMenu.h; sourceTree = "<group>"; };
		A11F052418E68EE900109870 /* UITextField_WithoutContextMenu.m */ = {isa = PBXFileReference; fileEncoding = 4; lastKnownFileType = sourcecode.c.objc; name = UITextField_WithoutContextMenu.m; path = Login/Register/UITextField_WithoutContextMenu.m; sourceTree = "<group>"; };
		A11F052618E68FBE00109870 /* ActivityRegion.plist */ = {isa = PBXFileReference; fileEncoding = 4; lastKnownFileType = text.plist.xml; name = ActivityRegion.plist; path = Login/Register/ActivityRegion.plist; sourceTree = "<group>"; };
		A1B0D9D018E8CA5700671383 /* Captain_TabBarController.h */ = {isa = PBXFileReference; fileEncoding = 4; lastKnownFileType = sourcecode.c.h; name = Captain_TabBarController.h; path = Captain/Captain_TabBarController.h; sourceTree = "<group>"; };
		A1B0D9D118E8CA5700671383 /* Captain_TabBarController.m */ = {isa = PBXFileReference; fileEncoding = 4; lastKnownFileType = sourcecode.c.objc; name = Captain_TabBarController.m; path = Captain/Captain_TabBarController.m; sourceTree = "<group>"; };
		A1B0DA1418E8D10700671383 /* Captain_Protocol.h */ = {isa = PBXFileReference; lastKnownFileType = sourcecode.c.h; name = Captain_Protocol.h; path = Captain/Captain_Protocol.h; sourceTree = "<group>"; };
		A1B0DA1518EA767F00671383 /* TeamIcon.jpg */ = {isa = PBXFileReference; lastKnownFileType = image.jpeg; name = TeamIcon.jpg; path = Captain/TeamIcon.jpg; sourceTree = "<group>"; };
		A1B0DA1818EA76F900671383 /* Captain_TeamInfo.h */ = {isa = PBXFileReference; fileEncoding = 4; lastKnownFileType = sourcecode.c.h; name = Captain_TeamInfo.h; path = Captain/Captain_TeamInfo.h; sourceTree = "<group>"; };
		A1B0DA1918EA76F900671383 /* Captain_TeamInfo.m */ = {isa = PBXFileReference; fileEncoding = 4; lastKnownFileType = sourcecode.c.objc; name = Captain_TeamInfo.m; path = Captain/Captain_TeamInfo.m; sourceTree = "<group>"; };
		A1B0DA1B18EA785C00671383 /* Captain_MyMatches.h */ = {isa = PBXFileReference; fileEncoding = 4; lastKnownFileType = sourcecode.c.h; name = Captain_MyMatches.h; path = Captain/Captain_MyMatches.h; sourceTree = "<group>"; };
		A1B0DA1C18EA785C00671383 /* Captain_MyMatches.m */ = {isa = PBXFileReference; fileEncoding = 4; lastKnownFileType = sourcecode.c.objc; name = Captain_MyMatches.m; path = Captain/Captain_MyMatches.m; sourceTree = "<group>"; };
		A1C8F9DE18DAA12600BE42D4 /* Captain_MenuList.plist */ = {isa = PBXFileReference; fileEncoding = 4; lastKnownFileType = text.plist.xml; name = Captain_MenuList.plist; path = Captain/Captain_MenuList.plist; sourceTree = "<group>"; };
		A1C8F9E018DAAA3400BE42D4 /* Captain_MainMenu.h */ = {isa = PBXFileReference; fileEncoding = 4; lastKnownFileType = sourcecode.c.h; name = Captain_MainMenu.h; path = Captain/Captain_MainMenu.h; sourceTree = "<group>"; };
		A1C8F9E118DAAA3400BE42D4 /* Captain_MainMenu.m */ = {isa = PBXFileReference; fileEncoding = 4; lastKnownFileType = sourcecode.c.objc; name = Captain_MainMenu.m; path = Captain/Captain_MainMenu.m; sourceTree = "<group>"; };
		A1C8F9E718DE895C00BE42D4 /* Register_Captain.h */ = {isa = PBXFileReference; fileEncoding = 4; lastKnownFileType = sourcecode.c.h; name = Register_Captain.h; path = Login/Register/Captain/Register_Captain.h; sourceTree = "<group>"; };
		A1C8F9E818DE895C00BE42D4 /* Register_Captain.m */ = {isa = PBXFileReference; fileEncoding = 4; lastKnownFileType = sourcecode.c.objc; name = Register_Captain.m; path = Login/Register/Captain/Register_Captain.m; sourceTree = "<group>"; };
		A1C8F9EA18DE90B400BE42D4 /* Login_Content.h */ = {isa = PBXFileReference; fileEncoding = 4; lastKnownFileType = sourcecode.c.h; name = Login_Content.h; path = Login/Login_Content.h; sourceTree = "<group>"; };
		A1C8F9EB18DE90B400BE42D4 /* Login_Content.m */ = {isa = PBXFileReference; fileEncoding = 4; lastKnownFileType = sourcecode.c.objc; name = Login_Content.m; path = Login/Login_Content.m; sourceTree = "<group>"; };
		A1C8FA3A18DFB17300BE42D4 /* Register_Captain_Advance.h */ = {isa = PBXFileReference; fileEncoding = 4; lastKnownFileType = sourcecode.c.h; name = Register_Captain_Advance.h; path = Login/Register/Captain/Register_Captain_Advance.h; sourceTree = "<group>"; };
		A1C8FA3B18DFB17300BE42D4 /* Register_Captain_Advance.m */ = {isa = PBXFileReference; fileEncoding = 4; lastKnownFileType = sourcecode.c.objc; name = Register_Captain_Advance.m; path = Login/Register/Captain/Register_Captain_Advance.m; sourceTree = "<group>"; };
		A1C8FA4118DFB8D700BE42D4 /* LoginAndRegisterView.h */ = {isa = PBXFileReference; lastKnownFileType = sourcecode.c.h; name = LoginAndRegisterView.h; path = Login/LoginAndRegisterView.h; sourceTree = "<group>"; };
		A1C8FA4218DFBBA800BE42D4 /* CallFriendsMenu.h */ = {isa = PBXFileReference; fileEncoding = 4; lastKnownFileType = sourcecode.c.h; name = CallFriendsMenu.h; path = Login/Register/Captain/CallFriendsMenu.h; sourceTree = "<group>"; };
		A1C8FA4318DFBBA800BE42D4 /* CallFriendsMenu.m */ = {isa = PBXFileReference; fileEncoding = 4; lastKnownFileType = sourcecode.c.objc; name = CallFriendsMenu.m; path = Login/Register/Captain/CallFriendsMenu.m; sourceTree = "<group>"; };
		A1C8FA4718DFEADD00BE42D4 /* Register_Player.h */ = {isa = PBXFileReference; fileEncoding = 4; lastKnownFileType = sourcecode.c.h; name = Register_Player.h; path = Login/Register/Player/Register_Player.h; sourceTree = "<group>"; };
		A1C8FA4818DFEADD00BE42D4 /* Register_Player.m */ = {isa = PBXFileReference; fileEncoding = 4; lastKnownFileType = sourcecode.c.objc; name = Register_Player.m; path = Login/Register/Player/Register_Player.m; sourceTree = "<group>"; };
		A1C8FA4A18DFEAFE00BE42D4 /* Register_Player_Advance.h */ = {isa = PBXFileReference; fileEncoding = 4; lastKnownFileType = sourcecode.c.h; name = Register_Player_Advance.h; path = Login/Register/Player/Register_Player_Advance.h; sourceTree = "<group>"; };
		A1C8FA4B18DFEAFE00BE42D4 /* Register_Player_Advance.m */ = {isa = PBXFileReference; fileEncoding = 4; lastKnownFileType = sourcecode.c.objc; name = Register_Player_Advance.m; path = Login/Register/Player/Register_Player_Advance.m; sourceTree = "<group>"; };
		A1D07BCE18CC1E4800FA3A8D /* Football.app */ = {isa = PBXFileReference; explicitFileType = wrapper.application; includeInIndex = 0; path = Football.app; sourceTree = BUILT_PRODUCTS_DIR; };
		A1D07BD118CC1E4800FA3A8D /* Foundation.framework */ = {isa = PBXFileReference; lastKnownFileType = wrapper.framework; name = Foundation.framework; path = System/Library/Frameworks/Foundation.framework; sourceTree = SDKROOT; };
		A1D07BD318CC1E4800FA3A8D /* CoreGraphics.framework */ = {isa = PBXFileReference; lastKnownFileType = wrapper.framework; name = CoreGraphics.framework; path = System/Library/Frameworks/CoreGraphics.framework; sourceTree = SDKROOT; };
		A1D07BD518CC1E4800FA3A8D /* UIKit.framework */ = {isa = PBXFileReference; lastKnownFileType = wrapper.framework; name = UIKit.framework; path = System/Library/Frameworks/UIKit.framework; sourceTree = SDKROOT; };
		A1D07BD918CC1E4800FA3A8D /* Football-Info.plist */ = {isa = PBXFileReference; lastKnownFileType = text.plist.xml; path = "Football-Info.plist"; sourceTree = "<group>"; };
		A1D07BDB18CC1E4800FA3A8D /* en */ = {isa = PBXFileReference; lastKnownFileType = text.plist.strings; name = en; path = en.lproj/InfoPlist.strings; sourceTree = "<group>"; };
		A1D07BDD18CC1E4800FA3A8D /* main.m */ = {isa = PBXFileReference; lastKnownFileType = sourcecode.c.objc; path = main.m; sourceTree = "<group>"; };
		A1D07BDF18CC1E4800FA3A8D /* Football-Prefix.pch */ = {isa = PBXFileReference; lastKnownFileType = sourcecode.c.h; path = "Football-Prefix.pch"; sourceTree = "<group>"; };
		A1D07BE018CC1E4800FA3A8D /* AppDelegate.h */ = {isa = PBXFileReference; lastKnownFileType = sourcecode.c.h; path = AppDelegate.h; sourceTree = "<group>"; };
		A1D07BE118CC1E4800FA3A8D /* AppDelegate.m */ = {isa = PBXFileReference; lastKnownFileType = sourcecode.c.objc; path = AppDelegate.m; sourceTree = "<group>"; };
		A1D07BE918CC1E4800FA3A8D /* Images.xcassets */ = {isa = PBXFileReference; lastKnownFileType = folder.assetcatalog; path = Images.xcassets; sourceTree = "<group>"; };
		A1D07BEF18CC1E4900FA3A8D /* FootballTests.xctest */ = {isa = PBXFileReference; explicitFileType = wrapper.cfbundle; includeInIndex = 0; path = FootballTests.xctest; sourceTree = BUILT_PRODUCTS_DIR; };
		A1D07BF018CC1E4900FA3A8D /* XCTest.framework */ = {isa = PBXFileReference; lastKnownFileType = wrapper.framework; name = XCTest.framework; path = Library/Frameworks/XCTest.framework; sourceTree = DEVELOPER_DIR; };
		A1D07BF818CC1E4900FA3A8D /* FootballTests-Info.plist */ = {isa = PBXFileReference; lastKnownFileType = text.plist.xml; path = "FootballTests-Info.plist"; sourceTree = "<group>"; };
		A1D07BFA18CC1E4900FA3A8D /* en */ = {isa = PBXFileReference; lastKnownFileType = text.plist.strings; name = en; path = en.lproj/InfoPlist.strings; sourceTree = "<group>"; };
		A1D07BFC18CC1E4900FA3A8D /* FootballTests.m */ = {isa = PBXFileReference; lastKnownFileType = sourcecode.c.objc; path = FootballTests.m; sourceTree = "<group>"; };
		A1D07C0618CD14B700FA3A8D /* Login.storyboard */ = {isa = PBXFileReference; fileEncoding = 4; lastKnownFileType = file.storyboard; name = Login.storyboard; path = Base.lproj/Login.storyboard; sourceTree = "<group>"; };
		A1D07C0918CD158500FA3A8D /* VC_Login.h */ = {isa = PBXFileReference; fileEncoding = 4; lastKnownFileType = sourcecode.c.h; name = VC_Login.h; path = Login/VC_Login.h; sourceTree = "<group>"; };
		A1D07C0A18CD158500FA3A8D /* VC_Login.m */ = {isa = PBXFileReference; fileEncoding = 4; lastKnownFileType = sourcecode.c.objc; name = VC_Login.m; path = Login/VC_Login.m; sourceTree = "<group>"; };
		A1D07C0D18CD177F00FA3A8D /* Setting.plist */ = {isa = PBXFileReference; fileEncoding = 4; lastKnownFileType = text.plist.xml; path = Setting.plist; sourceTree = "<group>"; };
		B2C6BF0C18EB86F200083537 /* Background.jpg */ = {isa = PBXFileReference; lastKnownFileType = image.jpeg; name = Background.jpg; path = Images.xcassets/Background.jpg; sourceTree = "<group>"; };
		B2D6981418ECC3F700603B87 /* Captain_MyTeam.h */ = {isa = PBXFileReference; fileEncoding = 4; lastKnownFileType = sourcecode.c.h; name = Captain_MyTeam.h; path = Captain/Captain_MyTeam.h; sourceTree = "<group>"; };
		B2D6981518ECC3F700603B87 /* Captain_MyTeam.m */ = {isa = PBXFileReference; fileEncoding = 4; lastKnownFileType = sourcecode.c.objc; name = Captain_MyTeam.m; path = Captain/Captain_MyTeam.m; sourceTree = "<group>"; };
/* End PBXFileReference section */

/* Begin PBXFrameworksBuildPhase section */
		A1D07BCB18CC1E4800FA3A8D /* Frameworks */ = {
			isa = PBXFrameworksBuildPhase;
			buildActionMask = 2147483647;
			files = (
				A1D07BD418CC1E4800FA3A8D /* CoreGraphics.framework in Frameworks */,
				A1D07BD618CC1E4800FA3A8D /* UIKit.framework in Frameworks */,
				A1D07BD218CC1E4800FA3A8D /* Foundation.framework in Frameworks */,
			);
			runOnlyForDeploymentPostprocessing = 0;
		};
		A1D07BEC18CC1E4900FA3A8D /* Frameworks */ = {
			isa = PBXFrameworksBuildPhase;
			buildActionMask = 2147483647;
			files = (
				A1D07BF118CC1E4900FA3A8D /* XCTest.framework in Frameworks */,
				A1D07BF318CC1E4900FA3A8D /* UIKit.framework in Frameworks */,
				A1D07BF218CC1E4900FA3A8D /* Foundation.framework in Frameworks */,
			);
			runOnlyForDeploymentPostprocessing = 0;
		};
/* End PBXFrameworksBuildPhase section */

/* Begin PBXGroup section */
		A103339818D6BF8600050A61 /* Image */ = {
			isa = PBXGroup;
			children = (
				B2C6BF0C18EB86F200083537 /* Background.jpg */,
				A103339418D6BF7900050A61 /* LoginAccountIcon.jpg */,
				A103339518D6BF7900050A61 /* PasswordIcon.jpg */,
			);
			name = Image;
			sourceTree = "<group>";
		};
		A1B0DA1718EA768900671383 /* Image */ = {
			isa = PBXGroup;
			children = (
				A1B0DA1518EA767F00671383 /* TeamIcon.jpg */,
			);
			name = Image;
			sourceTree = "<group>";
		};
		A1B0DA1E18EA786600671383 /* MyMatches */ = {
			isa = PBXGroup;
			children = (
				A1B0DA1B18EA785C00671383 /* Captain_MyMatches.h */,
				A1B0DA1C18EA785C00671383 /* Captain_MyMatches.m */,
				A1B0DA1818EA76F900671383 /* Captain_TeamInfo.h */,
				A1B0DA1918EA76F900671383 /* Captain_TeamInfo.m */,
			);
			name = MyMatches;
			sourceTree = "<group>";
		};
		A1C8FA3D18DFB1C500BE42D4 /* Register */ = {
			isa = PBXGroup;
			children = (
				A11F052318E68EE900109870 /* UITextField_WithoutContextMenu.h */,
				A11F052418E68EE900109870 /* UITextField_WithoutContextMenu.m */,
				A11F052618E68FBE00109870 /* ActivityRegion.plist */,
				A1C8FA4618DFEA0B00BE42D4 /* Player */,
				A1C8FA4518DFE9F700BE42D4 /* Captain */,
			);
			name = Register;
			sourceTree = "<group>";
		};
		A1C8FA4518DFE9F700BE42D4 /* Captain */ = {
			isa = PBXGroup;
			children = (
				A1C8F9E718DE895C00BE42D4 /* Register_Captain.h */,
				A1C8F9E818DE895C00BE42D4 /* Register_Captain.m */,
				A1C8FA3A18DFB17300BE42D4 /* Register_Captain_Advance.h */,
				A1C8FA3B18DFB17300BE42D4 /* Register_Captain_Advance.m */,
				A1C8FA4218DFBBA800BE42D4 /* CallFriendsMenu.h */,
				A1C8FA4318DFBBA800BE42D4 /* CallFriendsMenu.m */,
			);
			name = Captain;
			sourceTree = "<group>";
		};
		A1C8FA4618DFEA0B00BE42D4 /* Player */ = {
			isa = PBXGroup;
			children = (
				A1C8FA4718DFEADD00BE42D4 /* Register_Player.h */,
				A1C8FA4818DFEADD00BE42D4 /* Register_Player.m */,
				A1C8FA4A18DFEAFE00BE42D4 /* Register_Player_Advance.h */,
				A1C8FA4B18DFEAFE00BE42D4 /* Register_Player_Advance.m */,
			);
			name = Player;
			sourceTree = "<group>";
		};
		A1D07BC518CC1E4800FA3A8D = {
			isa = PBXGroup;
			children = (
				A1D07BD718CC1E4800FA3A8D /* Football */,
				A1D07BF618CC1E4900FA3A8D /* FootballTests */,
				A1D07BD018CC1E4800FA3A8D /* Frameworks */,
				A1D07BCF18CC1E4800FA3A8D /* Products */,
			);
			sourceTree = "<group>";
		};
		A1D07BCF18CC1E4800FA3A8D /* Products */ = {
			isa = PBXGroup;
			children = (
				A1D07BCE18CC1E4800FA3A8D /* Football.app */,
				A1D07BEF18CC1E4900FA3A8D /* FootballTests.xctest */,
			);
			name = Products;
			sourceTree = "<group>";
		};
		A1D07BD018CC1E4800FA3A8D /* Frameworks */ = {
			isa = PBXGroup;
			children = (
				A1D07BD118CC1E4800FA3A8D /* Foundation.framework */,
				A1D07BD318CC1E4800FA3A8D /* CoreGraphics.framework */,
				A1D07BD518CC1E4800FA3A8D /* UIKit.framework */,
				A1D07BF018CC1E4900FA3A8D /* XCTest.framework */,
			);
			name = Frameworks;
			sourceTree = "<group>";
		};
		A1D07BD718CC1E4800FA3A8D /* Football */ = {
			isa = PBXGroup;
			children = (
				A1D07BE018CC1E4800FA3A8D /* AppDelegate.h */,
				A1D07BE118CC1E4800FA3A8D /* AppDelegate.m */,
				A103339818D6BF8600050A61 /* Image */,
				A1D07C0C18CD162500FA3A8D /* Captain */,
				A1D07C0818CD154600FA3A8D /* Login&Register */,
				A1D07BE918CC1E4800FA3A8D /* Images.xcassets */,
				A1D07BD818CC1E4800FA3A8D /* Supporting Files */,
			);
			path = Football;
			sourceTree = "<group>";
		};
		A1D07BD818CC1E4800FA3A8D /* Supporting Files */ = {
			isa = PBXGroup;
			children = (
				A1D07C0D18CD177F00FA3A8D /* Setting.plist */,
				A1D07BD918CC1E4800FA3A8D /* Football-Info.plist */,
				A1D07BDA18CC1E4800FA3A8D /* InfoPlist.strings */,
				A1D07BDD18CC1E4800FA3A8D /* main.m */,
				A1D07BDF18CC1E4800FA3A8D /* Football-Prefix.pch */,
			);
			name = "Supporting Files";
			sourceTree = "<group>";
		};
		A1D07BF618CC1E4900FA3A8D /* FootballTests */ = {
			isa = PBXGroup;
			children = (
				A1D07BFC18CC1E4900FA3A8D /* FootballTests.m */,
				A1D07BF718CC1E4900FA3A8D /* Supporting Files */,
			);
			path = FootballTests;
			sourceTree = "<group>";
		};
		A1D07BF718CC1E4900FA3A8D /* Supporting Files */ = {
			isa = PBXGroup;
			children = (
				A1D07BF818CC1E4900FA3A8D /* FootballTests-Info.plist */,
				A1D07BF918CC1E4900FA3A8D /* InfoPlist.strings */,
			);
			name = "Supporting Files";
			sourceTree = "<group>";
		};
		A1D07C0818CD154600FA3A8D /* Login&Register */ = {
			isa = PBXGroup;
			children = (
				A1C8FA3D18DFB1C500BE42D4 /* Register */,
				A1C8FA4118DFB8D700BE42D4 /* LoginAndRegisterView.h */,
				A1D07C0618CD14B700FA3A8D /* Login.storyboard */,
				A103339118D6B49900050A61 /* Login.h */,
				A103339218D6B49900050A61 /* Login.m */,
				A1C8F9EA18DE90B400BE42D4 /* Login_Content.h */,
				A1C8F9EB18DE90B400BE42D4 /* Login_Content.m */,
				A1D07C0918CD158500FA3A8D /* VC_Login.h */,
				A1D07C0A18CD158500FA3A8D /* VC_Login.m */,
			);
			name = "Login&Register";
			sourceTree = "<group>";
		};
		A1D07C0C18CD162500FA3A8D /* Captain */ = {
			isa = PBXGroup;
			children = (
				B2D6981318ECC35500603B87 /* MyTeam */,
				A1B0DA1E18EA786600671383 /* MyMatches */,
				A1B0DA1718EA768900671383 /* Image */,
				A103338918D419A300050A61 /* Captain.storyboard */,
				A1C8F9DE18DAA12600BE42D4 /* Captain_MenuList.plist */,
				A1B0DA1418E8D10700671383 /* Captain_Protocol.h */,
				A1C8F9E018DAAA3400BE42D4 /* Captain_MainMenu.h */,
				A1C8F9E118DAAA3400BE42D4 /* Captain_MainMenu.m */,
				A103338E18D4F3FA00050A61 /* Captain_RootViewController.h */,
				A103338F18D4F3FA00050A61 /* Captain_RootViewController.m */,
				A1B0D9D018E8CA5700671383 /* Captain_TabBarController.h */,
				A1B0D9D118E8CA5700671383 /* Captain_TabBarController.m */,
			);
			name = Captain;
			sourceTree = "<group>";
		};
		B2D6981318ECC35500603B87 /* MyTeam */ = {
			isa = PBXGroup;
			children = (
				B2D6981418ECC3F700603B87 /* Captain_MyTeam.h */,
				B2D6981518ECC3F700603B87 /* Captain_MyTeam.m */,
			);
			name = MyTeam;
			sourceTree = "<group>";
		};
/* End PBXGroup section */

/* Begin PBXNativeTarget section */
		A1D07BCD18CC1E4800FA3A8D /* Football */ = {
			isa = PBXNativeTarget;
			buildConfigurationList = A1D07C0018CC1E4900FA3A8D /* Build configuration list for PBXNativeTarget "Football" */;
			buildPhases = (
				A1D07BCA18CC1E4800FA3A8D /* Sources */,
				A1D07BCB18CC1E4800FA3A8D /* Frameworks */,
				A1D07BCC18CC1E4800FA3A8D /* Resources */,
			);
			buildRules = (
			);
			dependencies = (
			);
			name = Football;
			productName = Football;
			productReference = A1D07BCE18CC1E4800FA3A8D /* Football.app */;
			productType = "com.apple.product-type.application";
		};
		A1D07BEE18CC1E4900FA3A8D /* FootballTests */ = {
			isa = PBXNativeTarget;
			buildConfigurationList = A1D07C0318CC1E4900FA3A8D /* Build configuration list for PBXNativeTarget "FootballTests" */;
			buildPhases = (
				A1D07BEB18CC1E4900FA3A8D /* Sources */,
				A1D07BEC18CC1E4900FA3A8D /* Frameworks */,
				A1D07BED18CC1E4900FA3A8D /* Resources */,
			);
			buildRules = (
			);
			dependencies = (
				A1D07BF518CC1E4900FA3A8D /* PBXTargetDependency */,
			);
			name = FootballTests;
			productName = FootballTests;
			productReference = A1D07BEF18CC1E4900FA3A8D /* FootballTests.xctest */;
			productType = "com.apple.product-type.bundle.unit-test";
		};
/* End PBXNativeTarget section */

/* Begin PBXProject section */
		A1D07BC618CC1E4800FA3A8D /* Project object */ = {
			isa = PBXProject;
			attributes = {
				LastUpgradeCheck = 0510;
				ORGANIZATIONNAME = "Xinyi Xu";
				TargetAttributes = {
					A1D07BEE18CC1E4900FA3A8D = {
						TestTargetID = A1D07BCD18CC1E4800FA3A8D;
					};
				};
			};
			buildConfigurationList = A1D07BC918CC1E4800FA3A8D /* Build configuration list for PBXProject "Football" */;
			compatibilityVersion = "Xcode 3.2";
			developmentRegion = English;
			hasScannedForEncodings = 0;
			knownRegions = (
				en,
				Base,
			);
			mainGroup = A1D07BC518CC1E4800FA3A8D;
			productRefGroup = A1D07BCF18CC1E4800FA3A8D /* Products */;
			projectDirPath = "";
			projectRoot = "";
			targets = (
				A1D07BCD18CC1E4800FA3A8D /* Football */,
				A1D07BEE18CC1E4900FA3A8D /* FootballTests */,
			);
		};
/* End PBXProject section */

/* Begin PBXResourcesBuildPhase section */
		A1D07BCC18CC1E4800FA3A8D /* Resources */ = {
			isa = PBXResourcesBuildPhase;
			buildActionMask = 2147483647;
			files = (
				A1D07C0E18CD177F00FA3A8D /* Setting.plist in Resources */,
				B2C6BF0D18EB86F200083537 /* Background.jpg in Resources */,
				A1B0DA1618EA767F00671383 /* TeamIcon.jpg in Resources */,
				A1D07C0718CD14B700FA3A8D /* Login.storyboard in Resources */,
				A1D07BEA18CC1E4800FA3A8D /* Images.xcassets in Resources */,
				A103339718D6BF7900050A61 /* PasswordIcon.jpg in Resources */,
				A11F052718E68FBE00109870 /* ActivityRegion.plist in Resources */,
				A1D07BDC18CC1E4800FA3A8D /* InfoPlist.strings in Resources */,
				A1C8F9DF18DAA12600BE42D4 /* Captain_MenuList.plist in Resources */,
				A103339618D6BF7900050A61 /* LoginAccountIcon.jpg in Resources */,
				A103338A18D419A300050A61 /* Captain.storyboard in Resources */,
			);
			runOnlyForDeploymentPostprocessing = 0;
		};
		A1D07BED18CC1E4900FA3A8D /* Resources */ = {
			isa = PBXResourcesBuildPhase;
			buildActionMask = 2147483647;
			files = (
				A1D07BFB18CC1E4900FA3A8D /* InfoPlist.strings in Resources */,
			);
			runOnlyForDeploymentPostprocessing = 0;
		};
/* End PBXResourcesBuildPhase section */

/* Begin PBXSourcesBuildPhase section */
		A1D07BCA18CC1E4800FA3A8D /* Sources */ = {
			isa = PBXSourcesBuildPhase;
			buildActionMask = 2147483647;
			files = (
				A1D07C0B18CD158500FA3A8D /* VC_Login.m in Sources */,
				A103339018D4F3FA00050A61 /* Captain_RootViewController.m in Sources */,
				A1B0D9D218E8CA5700671383 /* Captain_TabBarController.m in Sources */,
				A103339318D6B49900050A61 /* Login.m in Sources */,
				A1D07BE218CC1E4800FA3A8D /* AppDelegate.m in Sources */,
				A1C8FA4418DFBBA800BE42D4 /* CallFriendsMenu.m in Sources */,
				A1B0DA1A18EA76F900671383 /* Captain_TeamInfo.m in Sources */,
				A1D07BDE18CC1E4800FA3A8D /* main.m in Sources */,
				A1B0DA1D18EA785C00671383 /* Captain_MyMatches.m in Sources */,
				A1C8F9EC18DE90B400BE42D4 /* Login_Content.m in Sources */,
				A1C8F9E918DE895C00BE42D4 /* Register_Captain.m in Sources */,
				A1C8FA3C18DFB17300BE42D4 /* Register_Captain_Advance.m in Sources */,
				B2D6981618ECC3F700603B87 /* Captain_MyTeam.m in Sources */,
				A1C8FA4918DFEADD00BE42D4 /* Register_Player.m in Sources */,
				A1C8FA4C18DFEAFE00BE42D4 /* Register_Player_Advance.m in Sources */,
				A1C8F9E218DAAA3500BE42D4 /* Captain_MainMenu.m in Sources */,
				A11F052518E68EE900109870 /* UITextField_WithoutContextMenu.m in Sources */,
			);
			runOnlyForDeploymentPostprocessing = 0;
		};
		A1D07BEB18CC1E4900FA3A8D /* Sources */ = {
			isa = PBXSourcesBuildPhase;
			buildActionMask = 2147483647;
			files = (
				A1D07BFD18CC1E4900FA3A8D /* FootballTests.m in Sources */,
			);
			runOnlyForDeploymentPostprocessing = 0;
		};
/* End PBXSourcesBuildPhase section */

/* Begin PBXTargetDependency section */
		A1D07BF518CC1E4900FA3A8D /* PBXTargetDependency */ = {
			isa = PBXTargetDependency;
			target = A1D07BCD18CC1E4800FA3A8D /* Football */;
			targetProxy = A1D07BF418CC1E4900FA3A8D /* PBXContainerItemProxy */;
		};
/* End PBXTargetDependency section */

/* Begin PBXVariantGroup section */
		A1D07BDA18CC1E4800FA3A8D /* InfoPlist.strings */ = {
			isa = PBXVariantGroup;
			children = (
				A1D07BDB18CC1E4800FA3A8D /* en */,
			);
			name = InfoPlist.strings;
			sourceTree = "<group>";
		};
		A1D07BF918CC1E4900FA3A8D /* InfoPlist.strings */ = {
			isa = PBXVariantGroup;
			children = (
				A1D07BFA18CC1E4900FA3A8D /* en */,
			);
			name = InfoPlist.strings;
			sourceTree = "<group>";
		};
/* End PBXVariantGroup section */

/* Begin XCBuildConfiguration section */
		A1D07BFE18CC1E4900FA3A8D /* Debug */ = {
			isa = XCBuildConfiguration;
			buildSettings = {
				ALWAYS_SEARCH_USER_PATHS = NO;
				CLANG_CXX_LANGUAGE_STANDARD = "gnu++0x";
				CLANG_CXX_LIBRARY = "libc++";
				CLANG_ENABLE_MODULES = YES;
				CLANG_ENABLE_OBJC_ARC = YES;
				CLANG_WARN_BOOL_CONVERSION = YES;
				CLANG_WARN_CONSTANT_CONVERSION = YES;
				CLANG_WARN_DIRECT_OBJC_ISA_USAGE = YES_ERROR;
				CLANG_WARN_EMPTY_BODY = YES;
				CLANG_WARN_ENUM_CONVERSION = YES;
				CLANG_WARN_INT_CONVERSION = YES;
				CLANG_WARN_OBJC_ROOT_CLASS = YES_ERROR;
				CLANG_WARN__DUPLICATE_METHOD_MATCH = YES;
				"CODE_SIGN_IDENTITY[sdk=iphoneos*]" = "iPhone Developer";
				COPY_PHASE_STRIP = NO;
				GCC_C_LANGUAGE_STANDARD = gnu99;
				GCC_DYNAMIC_NO_PIC = NO;
				GCC_OPTIMIZATION_LEVEL = 0;
				GCC_PREPROCESSOR_DEFINITIONS = (
					"DEBUG=1",
					"$(inherited)",
				);
				GCC_SYMBOLS_PRIVATE_EXTERN = NO;
				GCC_WARN_64_TO_32_BIT_CONVERSION = YES;
				GCC_WARN_ABOUT_RETURN_TYPE = YES_ERROR;
				GCC_WARN_UNDECLARED_SELECTOR = YES;
				GCC_WARN_UNINITIALIZED_AUTOS = YES;
				GCC_WARN_UNUSED_FUNCTION = YES;
				GCC_WARN_UNUSED_VARIABLE = YES;
				IPHONEOS_DEPLOYMENT_TARGET = 7.0;
				ONLY_ACTIVE_ARCH = YES;
				SDKROOT = iphoneos;
			};
			name = Debug;
		};
		A1D07BFF18CC1E4900FA3A8D /* Release */ = {
			isa = XCBuildConfiguration;
			buildSettings = {
				ALWAYS_SEARCH_USER_PATHS = NO;
				CLANG_CXX_LANGUAGE_STANDARD = "gnu++0x";
				CLANG_CXX_LIBRARY = "libc++";
				CLANG_ENABLE_MODULES = YES;
				CLANG_ENABLE_OBJC_ARC = YES;
				CLANG_WARN_BOOL_CONVERSION = YES;
				CLANG_WARN_CONSTANT_CONVERSION = YES;
				CLANG_WARN_DIRECT_OBJC_ISA_USAGE = YES_ERROR;
				CLANG_WARN_EMPTY_BODY = YES;
				CLANG_WARN_ENUM_CONVERSION = YES;
				CLANG_WARN_INT_CONVERSION = YES;
				CLANG_WARN_OBJC_ROOT_CLASS = YES_ERROR;
				CLANG_WARN__DUPLICATE_METHOD_MATCH = YES;
				"CODE_SIGN_IDENTITY[sdk=iphoneos*]" = "iPhone Developer";
				COPY_PHASE_STRIP = YES;
				ENABLE_NS_ASSERTIONS = NO;
				GCC_C_LANGUAGE_STANDARD = gnu99;
				GCC_WARN_64_TO_32_BIT_CONVERSION = YES;
				GCC_WARN_ABOUT_RETURN_TYPE = YES_ERROR;
				GCC_WARN_UNDECLARED_SELECTOR = YES;
				GCC_WARN_UNINITIALIZED_AUTOS = YES;
				GCC_WARN_UNUSED_FUNCTION = YES;
				GCC_WARN_UNUSED_VARIABLE = YES;
				IPHONEOS_DEPLOYMENT_TARGET = 7.0;
				SDKROOT = iphoneos;
				VALIDATE_PRODUCT = YES;
			};
			name = Release;
		};
		A1D07C0118CC1E4900FA3A8D /* Debug */ = {
			isa = XCBuildConfiguration;
			buildSettings = {
				ASSETCATALOG_COMPILER_APPICON_NAME = AppIcon;
				ASSETCATALOG_COMPILER_LAUNCHIMAGE_NAME = LaunchImage;
				GCC_PRECOMPILE_PREFIX_HEADER = YES;
				GCC_PREFIX_HEADER = "Football/Football-Prefix.pch";
				INFOPLIST_FILE = "Football/Football-Info.plist";
				PRODUCT_NAME = "$(TARGET_NAME)";
				WRAPPER_EXTENSION = app;
			};
			name = Debug;
		};
		A1D07C0218CC1E4900FA3A8D /* Release */ = {
			isa = XCBuildConfiguration;
			buildSettings = {
				ASSETCATALOG_COMPILER_APPICON_NAME = AppIcon;
				ASSETCATALOG_COMPILER_LAUNCHIMAGE_NAME = LaunchImage;
				GCC_PRECOMPILE_PREFIX_HEADER = YES;
				GCC_PREFIX_HEADER = "Football/Football-Prefix.pch";
				INFOPLIST_FILE = "Football/Football-Info.plist";
				PRODUCT_NAME = "$(TARGET_NAME)";
				WRAPPER_EXTENSION = app;
			};
			name = Release;
		};
		A1D07C0418CC1E4900FA3A8D /* Debug */ = {
			isa = XCBuildConfiguration;
			buildSettings = {
				BUNDLE_LOADER = "$(BUILT_PRODUCTS_DIR)/Football.app/Football";
				FRAMEWORK_SEARCH_PATHS = (
					"$(SDKROOT)/Developer/Library/Frameworks",
					"$(inherited)",
					"$(DEVELOPER_FRAMEWORKS_DIR)",
				);
				GCC_PRECOMPILE_PREFIX_HEADER = YES;
				GCC_PREFIX_HEADER = "Football/Football-Prefix.pch";
				GCC_PREPROCESSOR_DEFINITIONS = (
					"DEBUG=1",
					"$(inherited)",
				);
				INFOPLIST_FILE = "FootballTests/FootballTests-Info.plist";
				PRODUCT_NAME = "$(TARGET_NAME)";
				TEST_HOST = "$(BUNDLE_LOADER)";
				WRAPPER_EXTENSION = xctest;
			};
			name = Debug;
		};
		A1D07C0518CC1E4900FA3A8D /* Release */ = {
			isa = XCBuildConfiguration;
			buildSettings = {
				BUNDLE_LOADER = "$(BUILT_PRODUCTS_DIR)/Football.app/Football";
				FRAMEWORK_SEARCH_PATHS = (
					"$(SDKROOT)/Developer/Library/Frameworks",
					"$(inherited)",
					"$(DEVELOPER_FRAMEWORKS_DIR)",
				);
				GCC_PRECOMPILE_PREFIX_HEADER = YES;
				GCC_PREFIX_HEADER = "Football/Football-Prefix.pch";
				INFOPLIST_FILE = "FootballTests/FootballTests-Info.plist";
				PRODUCT_NAME = "$(TARGET_NAME)";
				TEST_HOST = "$(BUNDLE_LOADER)";
				WRAPPER_EXTENSION = xctest;
			};
			name = Release;
		};
/* End XCBuildConfiguration section */

/* Begin XCConfigurationList section */
		A1D07BC918CC1E4800FA3A8D /* Build configuration list for PBXProject "Football" */ = {
			isa = XCConfigurationList;
			buildConfigurations = (
				A1D07BFE18CC1E4900FA3A8D /* Debug */,
				A1D07BFF18CC1E4900FA3A8D /* Release */,
			);
			defaultConfigurationIsVisible = 0;
			defaultConfigurationName = Release;
		};
		A1D07C0018CC1E4900FA3A8D /* Build configuration list for PBXNativeTarget "Football" */ = {
			isa = XCConfigurationList;
			buildConfigurations = (
				A1D07C0118CC1E4900FA3A8D /* Debug */,
				A1D07C0218CC1E4900FA3A8D /* Release */,
			);
			defaultConfigurationIsVisible = 0;
			defaultConfigurationName = Release;
		};
		A1D07C0318CC1E4900FA3A8D /* Build configuration list for PBXNativeTarget "FootballTests" */ = {
			isa = XCConfigurationList;
			buildConfigurations = (
				A1D07C0418CC1E4900FA3A8D /* Debug */,
				A1D07C0518CC1E4900FA3A8D /* Release */,
			);
			defaultConfigurationIsVisible = 0;
			defaultConfigurationName = Release;
		};
/* End XCConfigurationList section */
	};
	rootObject = A1D07BC618CC1E4800FA3A8D /* Project object */;
}
